
Microsoft Visual Studio Solution File, Format Version 12.00
# Visual Studio Version 17
VisualStudioVersion = 17.0.31903.59
MinimumVisualStudioVersion = 10.0.40219.1
Project("{2150E333-8FDC-42A3-9474-1A3956D46DE8}") = "src", "src", "{827E0CD3-B72D-47B6-A68D-7590B98EB39B}"
EndProject
Project("{2150E333-8FDC-42A3-9474-1A3956D46DE8}") = "Identity", "Identity", "{65ABFB5D-2B10-DF64-BF12-C17976F8E5D9}"
EndProject
Project("{FAE04EC0-301F-11D3-BF4B-00C04F79EFBC}") = "Identity.Core", "src\Identity\Identity.Core\Identity.Core.csproj", "{6DA5F982-65B0-4750-B5F6-5C7845111F47}"
EndProject
Project("{FAE04EC0-301F-11D3-BF4B-00C04F79EFBC}") = "Identity.Infrastructure", "src\Identity\Identity.Infrastructure\Identity.Infrastructure.csproj", "{AF5E7441-D0C7-4190-B8D9-F0D8A2FD0F42}"
EndProject
Project("{FAE04EC0-301F-11D3-BF4B-00C04F79EFBC}") = "Identity.Api", "src\Identity\Identity.Api\Identity.Api.csproj", "{5FA7F83E-E322-4DD5-9630-88D81D04B9DB}"
EndProject
Project("{2150E333-8FDC-42A3-9474-1A3956D46DE8}") = "EventStore", "EventStore", "{C80FF5ED-F69F-3D87-94B5-A517783FA875}"
EndProject
Project("{FAE04EC0-301F-11D3-BF4B-00C04F79EFBC}") = "EventStore.Core", "src\EventStore\EventStore.Core\EventStore.Core.csproj", "{388E6413-A4D1-41F9-8265-0D17D3EE20B6}"
EndProject
Project("{FAE04EC0-301F-11D3-BF4B-00C04F79EFBC}") = "EventStore.Infrastructure", "src\EventStore\EventStore.Infrastructure\EventStore.Infrastructure.csproj", "{FBD39D18-CF6A-43AD-A360-F20A76262810}"
EndProject
Project("{FAE04EC0-301F-11D3-BF4B-00C04F79EFBC}") = "EventStore.Api", "src\EventStore\EventStore.Api\EventStore.Api.csproj", "{52D7997C-7445-4742-8C46-A5A1069D231C}"
EndProject
Project("{2150E333-8FDC-42A3-9474-1A3956D46DE8}") = "CalculationEngine", "CalculationEngine", "{4BE7295F-0404-DFF4-C425-E81EB86DB3AD}"
EndProject
Project("{FAE04EC0-301F-11D3-BF4B-00C04F79EFBC}") = "CalculationEngine.Core", "src\CalculationEngine\CalculationEngine.Core\CalculationEngine.Core.csproj", "{8322911A-CCB7-4F6E-A185-BA5AB120FC8D}"
EndProject
Project("{FAE04EC0-301F-11D3-BF4B-00C04F79EFBC}") = "CalculationEngine.Infrastructure", "src\CalculationEngine\CalculationEngine.Infrastructure\CalculationEngine.Infrastructure.csproj", "{2DE6D183-4D4A-44DA-A1B6-719D37F06557}"
EndProject
Project("{FAE04EC0-301F-11D3-BF4B-00C04F79EFBC}") = "CalculationEngine.Api", "src\CalculationEngine\CalculationEngine.Api\CalculationEngine.Api.csproj", "{447596B0-8577-4B29-BD3B-1E7C0CB5624E}"
EndProject
Project("{2150E333-8FDC-42A3-9474-1A3956D46DE8}") = "CoordinateSystem", "CoordinateSystem", "{051C96C7-F962-828B-3DC0-FC0EB266C3F5}"
EndProject
Project("{FAE04EC0-301F-11D3-BF4B-00C04F79EFBC}") = "CoordinateSystem.Core", "src\CoordinateSystem\CoordinateSystem.Core\CoordinateSystem.Core.csproj", "{6C9F39A6-6661-44DE-9330-AB37E670D198}"
EndProject
Project("{FAE04EC0-301F-11D3-BF4B-00C04F79EFBC}") = "CoordinateSystem.Infrastructure", "src\CoordinateSystem\CoordinateSystem.Infrastructure\CoordinateSystem.Infrastructure.csproj", "{73A4ECD7-327E-4AB8-94AD-EC4E63216047}"
EndProject
Project("{FAE04EC0-301F-11D3-BF4B-00C04F79EFBC}") = "CoordinateSystem.Api", "src\CoordinateSystem\CoordinateSystem.Api\CoordinateSystem.Api.csproj", "{C5BD7CDB-056A-4CB7-85AB-05936C98D691}"
EndProject
Project("{2150E333-8FDC-42A3-9474-1A3956D46DE8}") = "Ephemeris", "Ephemeris", "{A28608FB-FF35-31DA-3581-4EFFB7C58565}"
EndProject
Project("{FAE04EC0-301F-11D3-BF4B-00C04F79EFBC}") = "Ephemeris.Core", "src\Ephemeris\Ephemeris.Core\Ephemeris.Core.csproj", "{854EB77B-51F8-4014-938F-3C21AAB191C8}"
EndProject
Project("{FAE04EC0-301F-11D3-BF4B-00C04F79EFBC}") = "Ephemeris.Infrastructure", "src\Ephemeris\Ephemeris.Infrastructure\Ephemeris.Infrastructure.csproj", "{0D3A10F6-D769-4C07-B3B7-D35B915CA1B9}"
EndProject
Project("{FAE04EC0-301F-11D3-BF4B-00C04F79EFBC}") = "Ephemeris.Api", "src\Ephemeris\Ephemeris.Api\Ephemeris.Api.csproj", "{77DDB25F-B299-4D8C-915E-4325C342BF69}"
EndProject
Project("{2150E333-8FDC-42A3-9474-1A3956D46DE8}") = "ForceModel", "ForceModel", "{73DCC031-7232-0CAD-48D9-F0796708D99A}"
EndProject
Project("{FAE04EC0-301F-11D3-BF4B-00C04F79EFBC}") = "ForceModel.Core", "src\ForceModel\ForceModel.Core\ForceModel.Core.csproj", "{9A419596-A563-44BF-9468-3D9AFD928851}"
EndProject
Project("{FAE04EC0-301F-11D3-BF4B-00C04F79EFBC}") = "ForceModel.Infrastructure", "src\ForceModel\ForceModel.Infrastructure\ForceModel.Infrastructure.csproj", "{D9F29E66-BE0C-42FE-95E7-80B3A65ADEDC}"
EndProject
Project("{FAE04EC0-301F-11D3-BF4B-00C04F79EFBC}") = "ForceModel.Api", "src\ForceModel\ForceModel.Api\ForceModel.Api.csproj", "{809BBCFF-2B17-474C-B9C7-5D949D3BC017}"
EndProject
Project("{2150E333-8FDC-42A3-9474-1A3956D46DE8}") = "Propagation", "Propagation", "{9454F493-66A8-1CF4-1F98-102F3A6467E8}"
EndProject
Project("{FAE04EC0-301F-11D3-BF4B-00C04F79EFBC}") = "Propagation.Core", "src\Propagation\Propagation.Core\Propagation.Core.csproj", "{EAB0A3D0-E5E0-44C6-A99F-48923BB7E2E7}"
EndProject
Project("{FAE04EC0-301F-11D3-BF4B-00C04F79EFBC}") = "Propagation.Infrastructure", "src\Propagation\Propagation.Infrastructure\Propagation.Infrastructure.csproj", "{9B7B890A-C2A6-44B8-B0C7-33BCE1751A01}"
EndProject
Project("{FAE04EC0-301F-11D3-BF4B-00C04F79EFBC}") = "Propagation.Api", "src\Propagation\Propagation.Api\Propagation.Api.csproj", "{C00D5341-52F9-4FC9-8FE4-38255ABA5EBA}"
EndProject
Project("{2150E333-8FDC-42A3-9474-1A3956D46DE8}") = "MissionManagement", "MissionManagement", "{8F5194C6-987F-2CD7-D019-CDC922FA9C9A}"
EndProject
Project("{FAE04EC0-301F-11D3-BF4B-00C04F79EFBC}") = "MissionManagement.Core", "src\MissionManagement\MissionManagement.Core\MissionManagement.Core.csproj", "{F6C9683A-80BA-40C5-A7FB-58DEF20B9EB0}"
EndProject
Project("{FAE04EC0-301F-11D3-BF4B-00C04F79EFBC}") = "MissionManagement.Infrastructure", "src\MissionManagement\MissionManagement.Infrastructure\MissionManagement.Infrastructure.csproj", "{5DBB2740-D2E8-4E85-B853-4D533DECC516}"
EndProject
Project("{FAE04EC0-301F-11D3-BF4B-00C04F79EFBC}") = "MissionManagement.Api", "src\MissionManagement\MissionManagement.Api\MissionManagement.Api.csproj", "{F1F28466-02EB-41B4-A78C-D497CCE45A7E}"
EndProject
Project("{2150E333-8FDC-42A3-9474-1A3956D46DE8}") = "Spacecraft", "Spacecraft", "{5D967E3A-C394-A676-518B-4960EDC20580}"
EndProject
Project("{FAE04EC0-301F-11D3-BF4B-00C04F79EFBC}") = "Spacecraft.Core", "src\Spacecraft\Spacecraft.Core\Spacecraft.Core.csproj", "{33DBE47F-B37E-4E50-9932-081F6C1D4218}"
EndProject
Project("{FAE04EC0-301F-11D3-BF4B-00C04F79EFBC}") = "Spacecraft.Infrastructure", "src\Spacecraft\Spacecraft.Infrastructure\Spacecraft.Infrastructure.csproj", "{40077F6F-89BD-4ECD-97EF-3ABE5BA6B16E}"
EndProject
Project("{FAE04EC0-301F-11D3-BF4B-00C04F79EFBC}") = "Spacecraft.Api", "src\Spacecraft\Spacecraft.Api\Spacecraft.Api.csproj", "{12D68985-74CA-4DD3-9F1D-04F0C5004037}"
EndProject
Project("{2150E333-8FDC-42A3-9474-1A3956D46DE8}") = "Maneuver", "Maneuver", "{09104428-EB3A-43CC-A562-8D767015A2C0}"
EndProject
Project("{FAE04EC0-301F-11D3-BF4B-00C04F79EFBC}") = "Maneuver.Core", "src\Maneuver\Maneuver.Core\Maneuver.Core.csproj", "{BF75F66E-59BC-427C-850E-6700CDDEC197}"
EndProject
Project("{FAE04EC0-301F-11D3-BF4B-00C04F79EFBC}") = "Maneuver.Infrastructure", "src\Maneuver\Maneuver.Infrastructure\Maneuver.Infrastructure.csproj", "{AD1ABD93-2586-4715-A94C-0A7D4595AED2}"
EndProject
Project("{FAE04EC0-301F-11D3-BF4B-00C04F79EFBC}") = "Maneuver.Api", "src\Maneuver\Maneuver.Api\Maneuver.Api.csproj", "{ACB52354-A9A4-41B9-82A1-3694B75C2EAE}"
EndProject
Project("{2150E333-8FDC-42A3-9474-1A3956D46DE8}") = "Optimization", "Optimization", "{595BA458-5F2B-4607-354B-9F5FD45D6BBB}"
EndProject
Project("{FAE04EC0-301F-11D3-BF4B-00C04F79EFBC}") = "Optimization.Core", "src\Optimization\Optimization.Core\Optimization.Core.csproj", "{01DF6640-618C-4C11-B8DC-B7500C62F28D}"
EndProject
Project("{FAE04EC0-301F-11D3-BF4B-00C04F79EFBC}") = "Optimization.Infrastructure", "src\Optimization\Optimization.Infrastructure\Optimization.Infrastructure.csproj", "{18976B69-708A-497C-951E-16247A94AF74}"
EndProject
Project("{FAE04EC0-301F-11D3-BF4B-00C04F79EFBC}") = "Optimization.Api", "src\Optimization\Optimization.Api\Optimization.Api.csproj", "{4531317A-915C-4992-9F6B-271333BC4410}"
EndProject
Project("{2150E333-8FDC-42A3-9474-1A3956D46DE8}") = "Visualization", "Visualization", "{3037F193-54F4-B0ED-E91A-C2AAFAAF2C57}"
EndProject
Project("{FAE04EC0-301F-11D3-BF4B-00C04F79EFBC}") = "Visualization.Core", "src\Visualization\Visualization.Core\Visualization.Core.csproj", "{E44712B9-3368-416C-A46E-2296DC6897C0}"
EndProject
Project("{FAE04EC0-301F-11D3-BF4B-00C04F79EFBC}") = "Visualization.Infrastructure", "src\Visualization\Visualization.Infrastructure\Visualization.Infrastructure.csproj", "{C95E47AA-77E6-42F2-9526-920358033D3A}"
EndProject
Project("{FAE04EC0-301F-11D3-BF4B-00C04F79EFBC}") = "Visualization.Api", "src\Visualization\Visualization.Api\Visualization.Api.csproj", "{68575CF4-B362-4E88-8304-64D60D6E3734}"
EndProject
Project("{2150E333-8FDC-42A3-9474-1A3956D46DE8}") = "Reporting", "Reporting", "{BDB3C49B-C3C4-2D01-5C80-5982E11ACF2B}"
EndProject
Project("{FAE04EC0-301F-11D3-BF4B-00C04F79EFBC}") = "Reporting.Core", "src\Reporting\Reporting.Core\Reporting.Core.csproj", "{32A7997B-BA27-4A66-993D-E0AA95C0A973}"
EndProject
Project("{FAE04EC0-301F-11D3-BF4B-00C04F79EFBC}") = "Reporting.Infrastructure", "src\Reporting\Reporting.Infrastructure\Reporting.Infrastructure.csproj", "{EB27A220-A9B2-4A76-843A-A3B4BF9AABFF}"
EndProject
Project("{FAE04EC0-301F-11D3-BF4B-00C04F79EFBC}") = "Reporting.Api", "src\Reporting\Reporting.Api\Reporting.Api.csproj", "{0F725DB1-9B78-46CF-87AB-97B25AE1757F}"
EndProject
Project("{2150E333-8FDC-42A3-9474-1A3956D46DE8}") = "ScriptExecution", "ScriptExecution", "{51CE919F-AEC1-0C71-E195-E00B976A6481}"
EndProject
Project("{FAE04EC0-301F-11D3-BF4B-00C04F79EFBC}") = "ScriptExecution.Core", "src\ScriptExecution\ScriptExecution.Core\ScriptExecution.Core.csproj", "{3E7BA362-6B20-488D-866E-1AC12CA072E3}"
EndProject
Project("{FAE04EC0-301F-11D3-BF4B-00C04F79EFBC}") = "ScriptExecution.Infrastructure", "src\ScriptExecution\ScriptExecution.Infrastructure\ScriptExecution.Infrastructure.csproj", "{28EC43BE-C986-47D0-8E0D-495753E80002}"
EndProject
Project("{FAE04EC0-301F-11D3-BF4B-00C04F79EFBC}") = "ScriptExecution.Api", "src\ScriptExecution\ScriptExecution.Api\ScriptExecution.Api.csproj", "{B1E9C63E-5098-4262-894A-B43633039338}"
EndProject
Project("{2150E333-8FDC-42A3-9474-1A3956D46DE8}") = "Notification", "Notification", "{70BAA7F9-7914-E584-5739-8B02C132DCC7}"
EndProject
Project("{FAE04EC0-301F-11D3-BF4B-00C04F79EFBC}") = "Notification.Core", "src\Notification\Notification.Core\Notification.Core.csproj", "{1FAC123F-D914-4E54-8BAE-CE76F1AB1A6D}"
EndProject
Project("{FAE04EC0-301F-11D3-BF4B-00C04F79EFBC}") = "Notification.Infrastructure", "src\Notification\Notification.Infrastructure\Notification.Infrastructure.csproj", "{660EAC40-25EC-4EEC-A341-DDAE10634145}"
EndProject
Project("{FAE04EC0-301F-11D3-BF4B-00C04F79EFBC}") = "Notification.Api", "src\Notification\Notification.Api\Notification.Api.csproj", "{86162742-59B1-48C1-BC57-EFCB2977EAD9}"
EndProject
Project("{2150E333-8FDC-42A3-9474-1A3956D46DE8}") = "ApiGateway", "ApiGateway", "{FCA01246-F2C6-0AA7-D43F-FD13BE0B9D88}"
EndProject
Project("{FAE04EC0-301F-11D3-BF4B-00C04F79EFBC}") = "ApiGateway", "src\ApiGateway\ApiGateway.csproj", "{A3050DB4-3B18-41B0-B8B7-5388912BA4FC}"
EndProject
Project("{2150E333-8FDC-42A3-9474-1A3956D46DE8}") = "Desktop", "Desktop", "{2951E765-5F77-95BA-3D85-F41283DA5914}"
EndProject
Project("{FAE04EC0-301F-11D3-BF4B-00C04F79EFBC}") = "Desktop.Core", "src\Desktop\Desktop.Core\Desktop.Core.csproj", "{FE5DCCF8-1181-4E10-84AD-2FA9B219E90D}"
EndProject
Project("{FAE04EC0-301F-11D3-BF4B-00C04F79EFBC}") = "Desktop.Infrastructure", "src\Desktop\Desktop.Infrastructure\Desktop.Infrastructure.csproj", "{D68A2769-8259-4388-BF62-EA8F1B873C64}"
EndProject
Project("{FAE04EC0-301F-11D3-BF4B-00C04F79EFBC}") = "Desktop.App", "src\Desktop\Desktop.App\Desktop.App.csproj", "{5CA54826-620B-4F04-89ED-639D235F3B06}"
EndProject
Project("{2150E333-8FDC-42A3-9474-1A3956D46DE8}") = "tests", "tests", "{0AB3BF05-4346-4AA6-1389-037BE0695223}"
EndProject
Project("{FAE04EC0-301F-11D3-BF4B-00C04F79EFBC}") = "Identity.Tests", "tests\Identity.Tests\Identity.Tests.csproj", "{EE3D0CA7-DE7B-419F-99B4-9B34CB2AC991}"
EndProject
Project("{FAE04EC0-301F-11D3-BF4B-00C04F79EFBC}") = "EventStore.Tests", "tests\EventStore.Tests\EventStore.Tests.csproj", "{671A9C3F-3696-4494-9813-E3454EAFDDC4}"
EndProject
Project("{FAE04EC0-301F-11D3-BF4B-00C04F79EFBC}") = "CalculationEngine.Tests", "tests\CalculationEngine.Tests\CalculationEngine.Tests.csproj", "{BA7190E1-DAA0-42E3-A654-4A619F1D5B3B}"
EndProject
Project("{FAE04EC0-301F-11D3-BF4B-00C04F79EFBC}") = "CoordinateSystem.Tests", "tests\CoordinateSystem.Tests\CoordinateSystem.Tests.csproj", "{D2173371-05C8-431B-AD2E-FD017196625A}"
EndProject
Project("{FAE04EC0-301F-11D3-BF4B-00C04F79EFBC}") = "Ephemeris.Tests", "tests\Ephemeris.Tests\Ephemeris.Tests.csproj", "{B6D81ED6-B434-4D4B-A134-CABB2E98F0D5}"
EndProject
Project("{FAE04EC0-301F-11D3-BF4B-00C04F79EFBC}") = "ForceModel.Tests", "tests\ForceModel.Tests\ForceModel.Tests.csproj", "{F06B5269-EA10-45D4-9CE1-6F34AAEF1D32}"
EndProject
Project("{FAE04EC0-301F-11D3-BF4B-00C04F79EFBC}") = "Propagation.Tests", "tests\Propagation.Tests\Propagation.Tests.csproj", "{DBC77F1A-2A0A-4D9C-BD44-8CEAD2E341AB}"
EndProject
Project("{FAE04EC0-301F-11D3-BF4B-00C04F79EFBC}") = "MissionManagement.Tests", "tests\MissionManagement.Tests\MissionManagement.Tests.csproj", "{D41A1F04-7C7F-4558-9CC6-4CE1BAC28F29}"
EndProject
Project("{FAE04EC0-301F-11D3-BF4B-00C04F79EFBC}") = "Spacecraft.Tests", "tests\Spacecraft.Tests\Spacecraft.Tests.csproj", "{0083CA66-F980-47D4-BFB8-17434792474E}"
EndProject
Project("{FAE04EC0-301F-11D3-BF4B-00C04F79EFBC}") = "Maneuver.Tests", "tests\Maneuver.Tests\Maneuver.Tests.csproj", "{C3F785C9-3117-46D8-A964-84B719A69D00}"
EndProject
Project("{FAE04EC0-301F-11D3-BF4B-00C04F79EFBC}") = "Optimization.Tests", "tests\Optimization.Tests\Optimization.Tests.csproj", "{469D3573-8AB7-42A1-B09B-10A396F81D7C}"
EndProject
Project("{FAE04EC0-301F-11D3-BF4B-00C04F79EFBC}") = "Visualization.Tests", "tests\Visualization.Tests\Visualization.Tests.csproj", "{EA2F9F25-9281-4D5E-8657-E2BD9D9F6D0A}"
EndProject
Project("{FAE04EC0-301F-11D3-BF4B-00C04F79EFBC}") = "Reporting.Tests", "tests\Reporting.Tests\Reporting.Tests.csproj", "{873AB778-04FB-4634-89F5-2BE5E66E9043}"
EndProject
Project("{FAE04EC0-301F-11D3-BF4B-00C04F79EFBC}") = "ScriptExecution.Tests", "tests\ScriptExecution.Tests\ScriptExecution.Tests.csproj", "{C5D6F159-4CAD-4BFF-9293-2BF958675E65}"
EndProject
Project("{FAE04EC0-301F-11D3-BF4B-00C04F79EFBC}") = "Notification.Tests", "tests\Notification.Tests\Notification.Tests.csproj", "{C61A23A9-1846-4785-BE92-8CE9BBE94477}"
EndProject
Project("{FAE04EC0-301F-11D3-BF4B-00C04F79EFBC}") = "ApiGateway.Tests", "tests\ApiGateway.Tests\ApiGateway.Tests.csproj", "{775A88F3-B34E-4E00-BD0F-C7B9A0697B41}"
EndProject
Project("{FAE04EC0-301F-11D3-BF4B-00C04F79EFBC}") = "Desktop.Tests", "tests\Desktop.Tests\Desktop.Tests.csproj", "{FD15A04D-AD98-427E-BE05-55F1B896F8D0}"
EndProject
Project("{FAE04EC0-301F-11D3-BF4B-00C04F79EFBC}") = "Shared", "src\Shared\Shared.csproj", "{5254386B-B102-43C0-BD33-764497C8E2EB}"
EndProject
Project("{2150E333-8FDC-42A3-9474-1A3956D46DE8}") = "Shared", "Shared", "{C8E42992-5E42-0C2B-DBFE-AA848D06431C}"
EndProject
Project("{FAE04EC0-301F-11D3-BF4B-00C04F79EFBC}") = "Shared.Messaging.Abstractions", "src\Shared\Shared.Messaging.Abstractions\Shared.Messaging.Abstractions.csproj", "{86E5E210-F8E4-4457-9434-380010647D6A}"
EndProject
Project("{FAE04EC0-301F-11D3-BF4B-00C04F79EFBC}") = "Shared.Messaging.UdpMulticast", "src\Shared\Shared.Messaging.UdpMulticast\Shared.Messaging.UdpMulticast.csproj", "{EAD3E6FE-6694-4CF0-AE87-B1D4873E0A87}"
EndProject
Project("{FAE04EC0-301F-11D3-BF4B-00C04F79EFBC}") = "Shared.Messaging.Redis", "src\Shared\Shared.Messaging.Redis\Shared.Messaging.Redis.csproj", "{60B1CFAF-CE41-469A-9FCD-7E8D67F32223}"
EndProject
Project("{FAE04EC0-301F-11D3-BF4B-00C04F79EFBC}") = "Shared.Contracts", "src\Shared\Shared.Contracts\Shared.Contracts.csproj", "{FD7800B9-0FF6-4395-AE53-CBAE05D30844}"
EndProject
Project("{FAE04EC0-301F-11D3-BF4B-00C04F79EFBC}") = "Shared.Domain", "src\Shared\Shared.Domain\Shared.Domain.csproj", "{BD0AA3D5-F168-4BB9-A32A-493AE3878F79}"
EndProject
Project("{FAE04EC0-301F-11D3-BF4B-00C04F79EFBC}") = "Shared.Domain.Tests", "tests\Shared.Domain.Tests\Shared.Domain.Tests.csproj", "{91D6B362-EDAB-4D79-9010-A4706BF3CC0A}"
EndProject
Project("{FAE04EC0-301F-11D3-BF4B-00C04F79EFBC}") = "Shared.Contracts.Tests", "tests\Shared.Contracts.Tests\Shared.Contracts.Tests.csproj", "{FC3493A9-6019-4CCD-A7CE-6007A0968ABD}"
EndProject
Project("{FAE04EC0-301F-11D3-BF4B-00C04F79EFBC}") = "Shared.Messaging.Abstractions.Tests", "tests\Shared.Messaging.Abstractions.Tests\Shared.Messaging.Abstractions.Tests.csproj", "{4EB65428-9C99-464B-8447-4D99979C6467}"
EndProject
Project("{FAE04EC0-301F-11D3-BF4B-00C04F79EFBC}") = "Shared.Messaging.Redis.Tests", "tests\Shared.Messaging.Redis.Tests\Shared.Messaging.Redis.Tests.csproj", "{104FF79F-40CE-4529-B0E6-AA5048E31211}"
EndProject
Project("{FAE04EC0-301F-11D3-BF4B-00C04F79EFBC}") = "Shared.Messaging.UdpMulticast.Tests", "tests\Shared.Messaging.UdpMulticast.Tests\Shared.Messaging.UdpMulticast.Tests.csproj", "{ECC4F9B3-0CB5-4790-9D74-C9565CB65148}"
EndProject
Global
	GlobalSection(SolutionConfigurationPlatforms) = preSolution
		Debug|Any CPU = Debug|Any CPU
		Debug|x64 = Debug|x64
		Debug|x86 = Debug|x86
		Release|Any CPU = Release|Any CPU
		Release|x64 = Release|x64
		Release|x86 = Release|x86
	EndGlobalSection
	GlobalSection(ProjectConfigurationPlatforms) = postSolution
		{6DA5F982-65B0-4750-B5F6-5C7845111F47}.Debug|Any CPU.ActiveCfg = Debug|Any CPU
		{6DA5F982-65B0-4750-B5F6-5C7845111F47}.Debug|Any CPU.Build.0 = Debug|Any CPU
		{6DA5F982-65B0-4750-B5F6-5C7845111F47}.Debug|x64.ActiveCfg = Debug|Any CPU
		{6DA5F982-65B0-4750-B5F6-5C7845111F47}.Debug|x64.Build.0 = Debug|Any CPU
		{6DA5F982-65B0-4750-B5F6-5C7845111F47}.Debug|x86.ActiveCfg = Debug|Any CPU
		{6DA5F982-65B0-4750-B5F6-5C7845111F47}.Debug|x86.Build.0 = Debug|Any CPU
		{6DA5F982-65B0-4750-B5F6-5C7845111F47}.Release|Any CPU.ActiveCfg = Release|Any CPU
		{6DA5F982-65B0-4750-B5F6-5C7845111F47}.Release|Any CPU.Build.0 = Release|Any CPU
		{6DA5F982-65B0-4750-B5F6-5C7845111F47}.Release|x64.ActiveCfg = Release|Any CPU
		{6DA5F982-65B0-4750-B5F6-5C7845111F47}.Release|x64.Build.0 = Release|Any CPU
		{6DA5F982-65B0-4750-B5F6-5C7845111F47}.Release|x86.ActiveCfg = Release|Any CPU
		{6DA5F982-65B0-4750-B5F6-5C7845111F47}.Release|x86.Build.0 = Release|Any CPU
		{AF5E7441-D0C7-4190-B8D9-F0D8A2FD0F42}.Debug|Any CPU.ActiveCfg = Debug|Any CPU
		{AF5E7441-D0C7-4190-B8D9-F0D8A2FD0F42}.Debug|Any CPU.Build.0 = Debug|Any CPU
		{AF5E7441-D0C7-4190-B8D9-F0D8A2FD0F42}.Debug|x64.ActiveCfg = Debug|Any CPU
		{AF5E7441-D0C7-4190-B8D9-F0D8A2FD0F42}.Debug|x64.Build.0 = Debug|Any CPU
		{AF5E7441-D0C7-4190-B8D9-F0D8A2FD0F42}.Debug|x86.ActiveCfg = Debug|Any CPU
		{AF5E7441-D0C7-4190-B8D9-F0D8A2FD0F42}.Debug|x86.Build.0 = Debug|Any CPU
		{AF5E7441-D0C7-4190-B8D9-F0D8A2FD0F42}.Release|Any CPU.ActiveCfg = Release|Any CPU
		{AF5E7441-D0C7-4190-B8D9-F0D8A2FD0F42}.Release|Any CPU.Build.0 = Release|Any CPU
		{AF5E7441-D0C7-4190-B8D9-F0D8A2FD0F42}.Release|x64.ActiveCfg = Release|Any CPU
		{AF5E7441-D0C7-4190-B8D9-F0D8A2FD0F42}.Release|x64.Build.0 = Release|Any CPU
		{AF5E7441-D0C7-4190-B8D9-F0D8A2FD0F42}.Release|x86.ActiveCfg = Release|Any CPU
		{AF5E7441-D0C7-4190-B8D9-F0D8A2FD0F42}.Release|x86.Build.0 = Release|Any CPU
		{5FA7F83E-E322-4DD5-9630-88D81D04B9DB}.Debug|Any CPU.ActiveCfg = Debug|Any CPU
		{5FA7F83E-E322-4DD5-9630-88D81D04B9DB}.Debug|Any CPU.Build.0 = Debug|Any CPU
		{5FA7F83E-E322-4DD5-9630-88D81D04B9DB}.Debug|x64.ActiveCfg = Debug|Any CPU
		{5FA7F83E-E322-4DD5-9630-88D81D04B9DB}.Debug|x64.Build.0 = Debug|Any CPU
		{5FA7F83E-E322-4DD5-9630-88D81D04B9DB}.Debug|x86.ActiveCfg = Debug|Any CPU
		{5FA7F83E-E322-4DD5-9630-88D81D04B9DB}.Debug|x86.Build.0 = Debug|Any CPU
		{5FA7F83E-E322-4DD5-9630-88D81D04B9DB}.Release|Any CPU.ActiveCfg = Release|Any CPU
		{5FA7F83E-E322-4DD5-9630-88D81D04B9DB}.Release|Any CPU.Build.0 = Release|Any CPU
		{5FA7F83E-E322-4DD5-9630-88D81D04B9DB}.Release|x64.ActiveCfg = Release|Any CPU
		{5FA7F83E-E322-4DD5-9630-88D81D04B9DB}.Release|x64.Build.0 = Release|Any CPU
		{5FA7F83E-E322-4DD5-9630-88D81D04B9DB}.Release|x86.ActiveCfg = Release|Any CPU
		{5FA7F83E-E322-4DD5-9630-88D81D04B9DB}.Release|x86.Build.0 = Release|Any CPU
		{388E6413-A4D1-41F9-8265-0D17D3EE20B6}.Debug|Any CPU.ActiveCfg = Debug|Any CPU
		{388E6413-A4D1-41F9-8265-0D17D3EE20B6}.Debug|Any CPU.Build.0 = Debug|Any CPU
		{388E6413-A4D1-41F9-8265-0D17D3EE20B6}.Debug|x64.ActiveCfg = Debug|Any CPU
		{388E6413-A4D1-41F9-8265-0D17D3EE20B6}.Debug|x64.Build.0 = Debug|Any CPU
		{388E6413-A4D1-41F9-8265-0D17D3EE20B6}.Debug|x86.ActiveCfg = Debug|Any CPU
		{388E6413-A4D1-41F9-8265-0D17D3EE20B6}.Debug|x86.Build.0 = Debug|Any CPU
		{388E6413-A4D1-41F9-8265-0D17D3EE20B6}.Release|Any CPU.ActiveCfg = Release|Any CPU
		{388E6413-A4D1-41F9-8265-0D17D3EE20B6}.Release|Any CPU.Build.0 = Release|Any CPU
		{388E6413-A4D1-41F9-8265-0D17D3EE20B6}.Release|x64.ActiveCfg = Release|Any CPU
		{388E6413-A4D1-41F9-8265-0D17D3EE20B6}.Release|x64.Build.0 = Release|Any CPU
		{388E6413-A4D1-41F9-8265-0D17D3EE20B6}.Release|x86.ActiveCfg = Release|Any CPU
		{388E6413-A4D1-41F9-8265-0D17D3EE20B6}.Release|x86.Build.0 = Release|Any CPU
		{FBD39D18-CF6A-43AD-A360-F20A76262810}.Debug|Any CPU.ActiveCfg = Debug|Any CPU
		{FBD39D18-CF6A-43AD-A360-F20A76262810}.Debug|Any CPU.Build.0 = Debug|Any CPU
		{FBD39D18-CF6A-43AD-A360-F20A76262810}.Debug|x64.ActiveCfg = Debug|Any CPU
		{FBD39D18-CF6A-43AD-A360-F20A76262810}.Debug|x64.Build.0 = Debug|Any CPU
		{FBD39D18-CF6A-43AD-A360-F20A76262810}.Debug|x86.ActiveCfg = Debug|Any CPU
		{FBD39D18-CF6A-43AD-A360-F20A76262810}.Debug|x86.Build.0 = Debug|Any CPU
		{FBD39D18-CF6A-43AD-A360-F20A76262810}.Release|Any CPU.ActiveCfg = Release|Any CPU
		{FBD39D18-CF6A-43AD-A360-F20A76262810}.Release|Any CPU.Build.0 = Release|Any CPU
		{FBD39D18-CF6A-43AD-A360-F20A76262810}.Release|x64.ActiveCfg = Release|Any CPU
		{FBD39D18-CF6A-43AD-A360-F20A76262810}.Release|x64.Build.0 = Release|Any CPU
		{FBD39D18-CF6A-43AD-A360-F20A76262810}.Release|x86.ActiveCfg = Release|Any CPU
		{FBD39D18-CF6A-43AD-A360-F20A76262810}.Release|x86.Build.0 = Release|Any CPU
		{52D7997C-7445-4742-8C46-A5A1069D231C}.Debug|Any CPU.ActiveCfg = Debug|Any CPU
		{52D7997C-7445-4742-8C46-A5A1069D231C}.Debug|Any CPU.Build.0 = Debug|Any CPU
		{52D7997C-7445-4742-8C46-A5A1069D231C}.Debug|x64.ActiveCfg = Debug|Any CPU
		{52D7997C-7445-4742-8C46-A5A1069D231C}.Debug|x64.Build.0 = Debug|Any CPU
		{52D7997C-7445-4742-8C46-A5A1069D231C}.Debug|x86.ActiveCfg = Debug|Any CPU
		{52D7997C-7445-4742-8C46-A5A1069D231C}.Debug|x86.Build.0 = Debug|Any CPU
		{52D7997C-7445-4742-8C46-A5A1069D231C}.Release|Any CPU.ActiveCfg = Release|Any CPU
		{52D7997C-7445-4742-8C46-A5A1069D231C}.Release|Any CPU.Build.0 = Release|Any CPU
		{52D7997C-7445-4742-8C46-A5A1069D231C}.Release|x64.ActiveCfg = Release|Any CPU
		{52D7997C-7445-4742-8C46-A5A1069D231C}.Release|x64.Build.0 = Release|Any CPU
		{52D7997C-7445-4742-8C46-A5A1069D231C}.Release|x86.ActiveCfg = Release|Any CPU
		{52D7997C-7445-4742-8C46-A5A1069D231C}.Release|x86.Build.0 = Release|Any CPU
		{8322911A-CCB7-4F6E-A185-BA5AB120FC8D}.Debug|Any CPU.ActiveCfg = Debug|Any CPU
		{8322911A-CCB7-4F6E-A185-BA5AB120FC8D}.Debug|Any CPU.Build.0 = Debug|Any CPU
		{8322911A-CCB7-4F6E-A185-BA5AB120FC8D}.Debug|x64.ActiveCfg = Debug|Any CPU
		{8322911A-CCB7-4F6E-A185-BA5AB120FC8D}.Debug|x64.Build.0 = Debug|Any CPU
		{8322911A-CCB7-4F6E-A185-BA5AB120FC8D}.Debug|x86.ActiveCfg = Debug|Any CPU
		{8322911A-CCB7-4F6E-A185-BA5AB120FC8D}.Debug|x86.Build.0 = Debug|Any CPU
		{8322911A-CCB7-4F6E-A185-BA5AB120FC8D}.Release|Any CPU.ActiveCfg = Release|Any CPU
		{8322911A-CCB7-4F6E-A185-BA5AB120FC8D}.Release|Any CPU.Build.0 = Release|Any CPU
		{8322911A-CCB7-4F6E-A185-BA5AB120FC8D}.Release|x64.ActiveCfg = Release|Any CPU
		{8322911A-CCB7-4F6E-A185-BA5AB120FC8D}.Release|x64.Build.0 = Release|Any CPU
		{8322911A-CCB7-4F6E-A185-BA5AB120FC8D}.Release|x86.ActiveCfg = Release|Any CPU
		{8322911A-CCB7-4F6E-A185-BA5AB120FC8D}.Release|x86.Build.0 = Release|Any CPU
		{2DE6D183-4D4A-44DA-A1B6-719D37F06557}.Debug|Any CPU.ActiveCfg = Debug|Any CPU
		{2DE6D183-4D4A-44DA-A1B6-719D37F06557}.Debug|Any CPU.Build.0 = Debug|Any CPU
		{2DE6D183-4D4A-44DA-A1B6-719D37F06557}.Debug|x64.ActiveCfg = Debug|Any CPU
		{2DE6D183-4D4A-44DA-A1B6-719D37F06557}.Debug|x64.Build.0 = Debug|Any CPU
		{2DE6D183-4D4A-44DA-A1B6-719D37F06557}.Debug|x86.ActiveCfg = Debug|Any CPU
		{2DE6D183-4D4A-44DA-A1B6-719D37F06557}.Debug|x86.Build.0 = Debug|Any CPU
		{2DE6D183-4D4A-44DA-A1B6-719D37F06557}.Release|Any CPU.ActiveCfg = Release|Any CPU
		{2DE6D183-4D4A-44DA-A1B6-719D37F06557}.Release|Any CPU.Build.0 = Release|Any CPU
		{2DE6D183-4D4A-44DA-A1B6-719D37F06557}.Release|x64.ActiveCfg = Release|Any CPU
		{2DE6D183-4D4A-44DA-A1B6-719D37F06557}.Release|x64.Build.0 = Release|Any CPU
		{2DE6D183-4D4A-44DA-A1B6-719D37F06557}.Release|x86.ActiveCfg = Release|Any CPU
		{2DE6D183-4D4A-44DA-A1B6-719D37F06557}.Release|x86.Build.0 = Release|Any CPU
		{447596B0-8577-4B29-BD3B-1E7C0CB5624E}.Debug|Any CPU.ActiveCfg = Debug|Any CPU
		{447596B0-8577-4B29-BD3B-1E7C0CB5624E}.Debug|Any CPU.Build.0 = Debug|Any CPU
		{447596B0-8577-4B29-BD3B-1E7C0CB5624E}.Debug|x64.ActiveCfg = Debug|Any CPU
		{447596B0-8577-4B29-BD3B-1E7C0CB5624E}.Debug|x64.Build.0 = Debug|Any CPU
		{447596B0-8577-4B29-BD3B-1E7C0CB5624E}.Debug|x86.ActiveCfg = Debug|Any CPU
		{447596B0-8577-4B29-BD3B-1E7C0CB5624E}.Debug|x86.Build.0 = Debug|Any CPU
		{447596B0-8577-4B29-BD3B-1E7C0CB5624E}.Release|Any CPU.ActiveCfg = Release|Any CPU
		{447596B0-8577-4B29-BD3B-1E7C0CB5624E}.Release|Any CPU.Build.0 = Release|Any CPU
		{447596B0-8577-4B29-BD3B-1E7C0CB5624E}.Release|x64.ActiveCfg = Release|Any CPU
		{447596B0-8577-4B29-BD3B-1E7C0CB5624E}.Release|x64.Build.0 = Release|Any CPU
		{447596B0-8577-4B29-BD3B-1E7C0CB5624E}.Release|x86.ActiveCfg = Release|Any CPU
		{447596B0-8577-4B29-BD3B-1E7C0CB5624E}.Release|x86.Build.0 = Release|Any CPU
		{6C9F39A6-6661-44DE-9330-AB37E670D198}.Debug|Any CPU.ActiveCfg = Debug|Any CPU
		{6C9F39A6-6661-44DE-9330-AB37E670D198}.Debug|Any CPU.Build.0 = Debug|Any CPU
		{6C9F39A6-6661-44DE-9330-AB37E670D198}.Debug|x64.ActiveCfg = Debug|Any CPU
		{6C9F39A6-6661-44DE-9330-AB37E670D198}.Debug|x64.Build.0 = Debug|Any CPU
		{6C9F39A6-6661-44DE-9330-AB37E670D198}.Debug|x86.ActiveCfg = Debug|Any CPU
		{6C9F39A6-6661-44DE-9330-AB37E670D198}.Debug|x86.Build.0 = Debug|Any CPU
		{6C9F39A6-6661-44DE-9330-AB37E670D198}.Release|Any CPU.ActiveCfg = Release|Any CPU
		{6C9F39A6-6661-44DE-9330-AB37E670D198}.Release|Any CPU.Build.0 = Release|Any CPU
		{6C9F39A6-6661-44DE-9330-AB37E670D198}.Release|x64.ActiveCfg = Release|Any CPU
		{6C9F39A6-6661-44DE-9330-AB37E670D198}.Release|x64.Build.0 = Release|Any CPU
		{6C9F39A6-6661-44DE-9330-AB37E670D198}.Release|x86.ActiveCfg = Release|Any CPU
		{6C9F39A6-6661-44DE-9330-AB37E670D198}.Release|x86.Build.0 = Release|Any CPU
		{73A4ECD7-327E-4AB8-94AD-EC4E63216047}.Debug|Any CPU.ActiveCfg = Debug|Any CPU
		{73A4ECD7-327E-4AB8-94AD-EC4E63216047}.Debug|Any CPU.Build.0 = Debug|Any CPU
		{73A4ECD7-327E-4AB8-94AD-EC4E63216047}.Debug|x64.ActiveCfg = Debug|Any CPU
		{73A4ECD7-327E-4AB8-94AD-EC4E63216047}.Debug|x64.Build.0 = Debug|Any CPU
		{73A4ECD7-327E-4AB8-94AD-EC4E63216047}.Debug|x86.ActiveCfg = Debug|Any CPU
		{73A4ECD7-327E-4AB8-94AD-EC4E63216047}.Debug|x86.Build.0 = Debug|Any CPU
		{73A4ECD7-327E-4AB8-94AD-EC4E63216047}.Release|Any CPU.ActiveCfg = Release|Any CPU
		{73A4ECD7-327E-4AB8-94AD-EC4E63216047}.Release|Any CPU.Build.0 = Release|Any CPU
		{73A4ECD7-327E-4AB8-94AD-EC4E63216047}.Release|x64.ActiveCfg = Release|Any CPU
		{73A4ECD7-327E-4AB8-94AD-EC4E63216047}.Release|x64.Build.0 = Release|Any CPU
		{73A4ECD7-327E-4AB8-94AD-EC4E63216047}.Release|x86.ActiveCfg = Release|Any CPU
		{73A4ECD7-327E-4AB8-94AD-EC4E63216047}.Release|x86.Build.0 = Release|Any CPU
		{C5BD7CDB-056A-4CB7-85AB-05936C98D691}.Debug|Any CPU.ActiveCfg = Debug|Any CPU
		{C5BD7CDB-056A-4CB7-85AB-05936C98D691}.Debug|Any CPU.Build.0 = Debug|Any CPU
		{C5BD7CDB-056A-4CB7-85AB-05936C98D691}.Debug|x64.ActiveCfg = Debug|Any CPU
		{C5BD7CDB-056A-4CB7-85AB-05936C98D691}.Debug|x64.Build.0 = Debug|Any CPU
		{C5BD7CDB-056A-4CB7-85AB-05936C98D691}.Debug|x86.ActiveCfg = Debug|Any CPU
		{C5BD7CDB-056A-4CB7-85AB-05936C98D691}.Debug|x86.Build.0 = Debug|Any CPU
		{C5BD7CDB-056A-4CB7-85AB-05936C98D691}.Release|Any CPU.ActiveCfg = Release|Any CPU
		{C5BD7CDB-056A-4CB7-85AB-05936C98D691}.Release|Any CPU.Build.0 = Release|Any CPU
		{C5BD7CDB-056A-4CB7-85AB-05936C98D691}.Release|x64.ActiveCfg = Release|Any CPU
		{C5BD7CDB-056A-4CB7-85AB-05936C98D691}.Release|x64.Build.0 = Release|Any CPU
		{C5BD7CDB-056A-4CB7-85AB-05936C98D691}.Release|x86.ActiveCfg = Release|Any CPU
		{C5BD7CDB-056A-4CB7-85AB-05936C98D691}.Release|x86.Build.0 = Release|Any CPU
		{854EB77B-51F8-4014-938F-3C21AAB191C8}.Debug|Any CPU.ActiveCfg = Debug|Any CPU
		{854EB77B-51F8-4014-938F-3C21AAB191C8}.Debug|Any CPU.Build.0 = Debug|Any CPU
		{854EB77B-51F8-4014-938F-3C21AAB191C8}.Debug|x64.ActiveCfg = Debug|Any CPU
		{854EB77B-51F8-4014-938F-3C21AAB191C8}.Debug|x64.Build.0 = Debug|Any CPU
		{854EB77B-51F8-4014-938F-3C21AAB191C8}.Debug|x86.ActiveCfg = Debug|Any CPU
		{854EB77B-51F8-4014-938F-3C21AAB191C8}.Debug|x86.Build.0 = Debug|Any CPU
		{854EB77B-51F8-4014-938F-3C21AAB191C8}.Release|Any CPU.ActiveCfg = Release|Any CPU
		{854EB77B-51F8-4014-938F-3C21AAB191C8}.Release|Any CPU.Build.0 = Release|Any CPU
		{854EB77B-51F8-4014-938F-3C21AAB191C8}.Release|x64.ActiveCfg = Release|Any CPU
		{854EB77B-51F8-4014-938F-3C21AAB191C8}.Release|x64.Build.0 = Release|Any CPU
		{854EB77B-51F8-4014-938F-3C21AAB191C8}.Release|x86.ActiveCfg = Release|Any CPU
		{854EB77B-51F8-4014-938F-3C21AAB191C8}.Release|x86.Build.0 = Release|Any CPU
		{0D3A10F6-D769-4C07-B3B7-D35B915CA1B9}.Debug|Any CPU.ActiveCfg = Debug|Any CPU
		{0D3A10F6-D769-4C07-B3B7-D35B915CA1B9}.Debug|Any CPU.Build.0 = Debug|Any CPU
		{0D3A10F6-D769-4C07-B3B7-D35B915CA1B9}.Debug|x64.ActiveCfg = Debug|Any CPU
		{0D3A10F6-D769-4C07-B3B7-D35B915CA1B9}.Debug|x64.Build.0 = Debug|Any CPU
		{0D3A10F6-D769-4C07-B3B7-D35B915CA1B9}.Debug|x86.ActiveCfg = Debug|Any CPU
		{0D3A10F6-D769-4C07-B3B7-D35B915CA1B9}.Debug|x86.Build.0 = Debug|Any CPU
		{0D3A10F6-D769-4C07-B3B7-D35B915CA1B9}.Release|Any CPU.ActiveCfg = Release|Any CPU
		{0D3A10F6-D769-4C07-B3B7-D35B915CA1B9}.Release|Any CPU.Build.0 = Release|Any CPU
		{0D3A10F6-D769-4C07-B3B7-D35B915CA1B9}.Release|x64.ActiveCfg = Release|Any CPU
		{0D3A10F6-D769-4C07-B3B7-D35B915CA1B9}.Release|x64.Build.0 = Release|Any CPU
		{0D3A10F6-D769-4C07-B3B7-D35B915CA1B9}.Release|x86.ActiveCfg = Release|Any CPU
		{0D3A10F6-D769-4C07-B3B7-D35B915CA1B9}.Release|x86.Build.0 = Release|Any CPU
		{77DDB25F-B299-4D8C-915E-4325C342BF69}.Debug|Any CPU.ActiveCfg = Debug|Any CPU
		{77DDB25F-B299-4D8C-915E-4325C342BF69}.Debug|Any CPU.Build.0 = Debug|Any CPU
		{77DDB25F-B299-4D8C-915E-4325C342BF69}.Debug|x64.ActiveCfg = Debug|Any CPU
		{77DDB25F-B299-4D8C-915E-4325C342BF69}.Debug|x64.Build.0 = Debug|Any CPU
		{77DDB25F-B299-4D8C-915E-4325C342BF69}.Debug|x86.ActiveCfg = Debug|Any CPU
		{77DDB25F-B299-4D8C-915E-4325C342BF69}.Debug|x86.Build.0 = Debug|Any CPU
		{77DDB25F-B299-4D8C-915E-4325C342BF69}.Release|Any CPU.ActiveCfg = Release|Any CPU
		{77DDB25F-B299-4D8C-915E-4325C342BF69}.Release|Any CPU.Build.0 = Release|Any CPU
		{77DDB25F-B299-4D8C-915E-4325C342BF69}.Release|x64.ActiveCfg = Release|Any CPU
		{77DDB25F-B299-4D8C-915E-4325C342BF69}.Release|x64.Build.0 = Release|Any CPU
		{77DDB25F-B299-4D8C-915E-4325C342BF69}.Release|x86.ActiveCfg = Release|Any CPU
		{77DDB25F-B299-4D8C-915E-4325C342BF69}.Release|x86.Build.0 = Release|Any CPU
		{9A419596-A563-44BF-9468-3D9AFD928851}.Debug|Any CPU.ActiveCfg = Debug|Any CPU
		{9A419596-A563-44BF-9468-3D9AFD928851}.Debug|Any CPU.Build.0 = Debug|Any CPU
		{9A419596-A563-44BF-9468-3D9AFD928851}.Debug|x64.ActiveCfg = Debug|Any CPU
		{9A419596-A563-44BF-9468-3D9AFD928851}.Debug|x64.Build.0 = Debug|Any CPU
		{9A419596-A563-44BF-9468-3D9AFD928851}.Debug|x86.ActiveCfg = Debug|Any CPU
		{9A419596-A563-44BF-9468-3D9AFD928851}.Debug|x86.Build.0 = Debug|Any CPU
		{9A419596-A563-44BF-9468-3D9AFD928851}.Release|Any CPU.ActiveCfg = Release|Any CPU
		{9A419596-A563-44BF-9468-3D9AFD928851}.Release|Any CPU.Build.0 = Release|Any CPU
		{9A419596-A563-44BF-9468-3D9AFD928851}.Release|x64.ActiveCfg = Release|Any CPU
		{9A419596-A563-44BF-9468-3D9AFD928851}.Release|x64.Build.0 = Release|Any CPU
		{9A419596-A563-44BF-9468-3D9AFD928851}.Release|x86.ActiveCfg = Release|Any CPU
		{9A419596-A563-44BF-9468-3D9AFD928851}.Release|x86.Build.0 = Release|Any CPU
		{D9F29E66-BE0C-42FE-95E7-80B3A65ADEDC}.Debug|Any CPU.ActiveCfg = Debug|Any CPU
		{D9F29E66-BE0C-42FE-95E7-80B3A65ADEDC}.Debug|Any CPU.Build.0 = Debug|Any CPU
		{D9F29E66-BE0C-42FE-95E7-80B3A65ADEDC}.Debug|x64.ActiveCfg = Debug|Any CPU
		{D9F29E66-BE0C-42FE-95E7-80B3A65ADEDC}.Debug|x64.Build.0 = Debug|Any CPU
		{D9F29E66-BE0C-42FE-95E7-80B3A65ADEDC}.Debug|x86.ActiveCfg = Debug|Any CPU
		{D9F29E66-BE0C-42FE-95E7-80B3A65ADEDC}.Debug|x86.Build.0 = Debug|Any CPU
		{D9F29E66-BE0C-42FE-95E7-80B3A65ADEDC}.Release|Any CPU.ActiveCfg = Release|Any CPU
		{D9F29E66-BE0C-42FE-95E7-80B3A65ADEDC}.Release|Any CPU.Build.0 = Release|Any CPU
		{D9F29E66-BE0C-42FE-95E7-80B3A65ADEDC}.Release|x64.ActiveCfg = Release|Any CPU
		{D9F29E66-BE0C-42FE-95E7-80B3A65ADEDC}.Release|x64.Build.0 = Release|Any CPU
		{D9F29E66-BE0C-42FE-95E7-80B3A65ADEDC}.Release|x86.ActiveCfg = Release|Any CPU
		{D9F29E66-BE0C-42FE-95E7-80B3A65ADEDC}.Release|x86.Build.0 = Release|Any CPU
		{809BBCFF-2B17-474C-B9C7-5D949D3BC017}.Debug|Any CPU.ActiveCfg = Debug|Any CPU
		{809BBCFF-2B17-474C-B9C7-5D949D3BC017}.Debug|Any CPU.Build.0 = Debug|Any CPU
		{809BBCFF-2B17-474C-B9C7-5D949D3BC017}.Debug|x64.ActiveCfg = Debug|Any CPU
		{809BBCFF-2B17-474C-B9C7-5D949D3BC017}.Debug|x64.Build.0 = Debug|Any CPU
		{809BBCFF-2B17-474C-B9C7-5D949D3BC017}.Debug|x86.ActiveCfg = Debug|Any CPU
		{809BBCFF-2B17-474C-B9C7-5D949D3BC017}.Debug|x86.Build.0 = Debug|Any CPU
		{809BBCFF-2B17-474C-B9C7-5D949D3BC017}.Release|Any CPU.ActiveCfg = Release|Any CPU
		{809BBCFF-2B17-474C-B9C7-5D949D3BC017}.Release|Any CPU.Build.0 = Release|Any CPU
		{809BBCFF-2B17-474C-B9C7-5D949D3BC017}.Release|x64.ActiveCfg = Release|Any CPU
		{809BBCFF-2B17-474C-B9C7-5D949D3BC017}.Release|x64.Build.0 = Release|Any CPU
		{809BBCFF-2B17-474C-B9C7-5D949D3BC017}.Release|x86.ActiveCfg = Release|Any CPU
		{809BBCFF-2B17-474C-B9C7-5D949D3BC017}.Release|x86.Build.0 = Release|Any CPU
		{EAB0A3D0-E5E0-44C6-A99F-48923BB7E2E7}.Debug|Any CPU.ActiveCfg = Debug|Any CPU
		{EAB0A3D0-E5E0-44C6-A99F-48923BB7E2E7}.Debug|Any CPU.Build.0 = Debug|Any CPU
		{EAB0A3D0-E5E0-44C6-A99F-48923BB7E2E7}.Debug|x64.ActiveCfg = Debug|Any CPU
		{EAB0A3D0-E5E0-44C6-A99F-48923BB7E2E7}.Debug|x64.Build.0 = Debug|Any CPU
		{EAB0A3D0-E5E0-44C6-A99F-48923BB7E2E7}.Debug|x86.ActiveCfg = Debug|Any CPU
		{EAB0A3D0-E5E0-44C6-A99F-48923BB7E2E7}.Debug|x86.Build.0 = Debug|Any CPU
		{EAB0A3D0-E5E0-44C6-A99F-48923BB7E2E7}.Release|Any CPU.ActiveCfg = Release|Any CPU
		{EAB0A3D0-E5E0-44C6-A99F-48923BB7E2E7}.Release|Any CPU.Build.0 = Release|Any CPU
		{EAB0A3D0-E5E0-44C6-A99F-48923BB7E2E7}.Release|x64.ActiveCfg = Release|Any CPU
		{EAB0A3D0-E5E0-44C6-A99F-48923BB7E2E7}.Release|x64.Build.0 = Release|Any CPU
		{EAB0A3D0-E5E0-44C6-A99F-48923BB7E2E7}.Release|x86.ActiveCfg = Release|Any CPU
		{EAB0A3D0-E5E0-44C6-A99F-48923BB7E2E7}.Release|x86.Build.0 = Release|Any CPU
		{9B7B890A-C2A6-44B8-B0C7-33BCE1751A01}.Debug|Any CPU.ActiveCfg = Debug|Any CPU
		{9B7B890A-C2A6-44B8-B0C7-33BCE1751A01}.Debug|Any CPU.Build.0 = Debug|Any CPU
		{9B7B890A-C2A6-44B8-B0C7-33BCE1751A01}.Debug|x64.ActiveCfg = Debug|Any CPU
		{9B7B890A-C2A6-44B8-B0C7-33BCE1751A01}.Debug|x64.Build.0 = Debug|Any CPU
		{9B7B890A-C2A6-44B8-B0C7-33BCE1751A01}.Debug|x86.ActiveCfg = Debug|Any CPU
		{9B7B890A-C2A6-44B8-B0C7-33BCE1751A01}.Debug|x86.Build.0 = Debug|Any CPU
		{9B7B890A-C2A6-44B8-B0C7-33BCE1751A01}.Release|Any CPU.ActiveCfg = Release|Any CPU
		{9B7B890A-C2A6-44B8-B0C7-33BCE1751A01}.Release|Any CPU.Build.0 = Release|Any CPU
		{9B7B890A-C2A6-44B8-B0C7-33BCE1751A01}.Release|x64.ActiveCfg = Release|Any CPU
		{9B7B890A-C2A6-44B8-B0C7-33BCE1751A01}.Release|x64.Build.0 = Release|Any CPU
		{9B7B890A-C2A6-44B8-B0C7-33BCE1751A01}.Release|x86.ActiveCfg = Release|Any CPU
		{9B7B890A-C2A6-44B8-B0C7-33BCE1751A01}.Release|x86.Build.0 = Release|Any CPU
		{C00D5341-52F9-4FC9-8FE4-38255ABA5EBA}.Debug|Any CPU.ActiveCfg = Debug|Any CPU
		{C00D5341-52F9-4FC9-8FE4-38255ABA5EBA}.Debug|Any CPU.Build.0 = Debug|Any CPU
		{C00D5341-52F9-4FC9-8FE4-38255ABA5EBA}.Debug|x64.ActiveCfg = Debug|Any CPU
		{C00D5341-52F9-4FC9-8FE4-38255ABA5EBA}.Debug|x64.Build.0 = Debug|Any CPU
		{C00D5341-52F9-4FC9-8FE4-38255ABA5EBA}.Debug|x86.ActiveCfg = Debug|Any CPU
		{C00D5341-52F9-4FC9-8FE4-38255ABA5EBA}.Debug|x86.Build.0 = Debug|Any CPU
		{C00D5341-52F9-4FC9-8FE4-38255ABA5EBA}.Release|Any CPU.ActiveCfg = Release|Any CPU
		{C00D5341-52F9-4FC9-8FE4-38255ABA5EBA}.Release|Any CPU.Build.0 = Release|Any CPU
		{C00D5341-52F9-4FC9-8FE4-38255ABA5EBA}.Release|x64.ActiveCfg = Release|Any CPU
		{C00D5341-52F9-4FC9-8FE4-38255ABA5EBA}.Release|x64.Build.0 = Release|Any CPU
		{C00D5341-52F9-4FC9-8FE4-38255ABA5EBA}.Release|x86.ActiveCfg = Release|Any CPU
		{C00D5341-52F9-4FC9-8FE4-38255ABA5EBA}.Release|x86.Build.0 = Release|Any CPU
		{F6C9683A-80BA-40C5-A7FB-58DEF20B9EB0}.Debug|Any CPU.ActiveCfg = Debug|Any CPU
		{F6C9683A-80BA-40C5-A7FB-58DEF20B9EB0}.Debug|Any CPU.Build.0 = Debug|Any CPU
		{F6C9683A-80BA-40C5-A7FB-58DEF20B9EB0}.Debug|x64.ActiveCfg = Debug|Any CPU
		{F6C9683A-80BA-40C5-A7FB-58DEF20B9EB0}.Debug|x64.Build.0 = Debug|Any CPU
		{F6C9683A-80BA-40C5-A7FB-58DEF20B9EB0}.Debug|x86.ActiveCfg = Debug|Any CPU
		{F6C9683A-80BA-40C5-A7FB-58DEF20B9EB0}.Debug|x86.Build.0 = Debug|Any CPU
		{F6C9683A-80BA-40C5-A7FB-58DEF20B9EB0}.Release|Any CPU.ActiveCfg = Release|Any CPU
		{F6C9683A-80BA-40C5-A7FB-58DEF20B9EB0}.Release|Any CPU.Build.0 = Release|Any CPU
		{F6C9683A-80BA-40C5-A7FB-58DEF20B9EB0}.Release|x64.ActiveCfg = Release|Any CPU
		{F6C9683A-80BA-40C5-A7FB-58DEF20B9EB0}.Release|x64.Build.0 = Release|Any CPU
		{F6C9683A-80BA-40C5-A7FB-58DEF20B9EB0}.Release|x86.ActiveCfg = Release|Any CPU
		{F6C9683A-80BA-40C5-A7FB-58DEF20B9EB0}.Release|x86.Build.0 = Release|Any CPU
		{5DBB2740-D2E8-4E85-B853-4D533DECC516}.Debug|Any CPU.ActiveCfg = Debug|Any CPU
		{5DBB2740-D2E8-4E85-B853-4D533DECC516}.Debug|Any CPU.Build.0 = Debug|Any CPU
		{5DBB2740-D2E8-4E85-B853-4D533DECC516}.Debug|x64.ActiveCfg = Debug|Any CPU
		{5DBB2740-D2E8-4E85-B853-4D533DECC516}.Debug|x64.Build.0 = Debug|Any CPU
		{5DBB2740-D2E8-4E85-B853-4D533DECC516}.Debug|x86.ActiveCfg = Debug|Any CPU
		{5DBB2740-D2E8-4E85-B853-4D533DECC516}.Debug|x86.Build.0 = Debug|Any CPU
		{5DBB2740-D2E8-4E85-B853-4D533DECC516}.Release|Any CPU.ActiveCfg = Release|Any CPU
		{5DBB2740-D2E8-4E85-B853-4D533DECC516}.Release|Any CPU.Build.0 = Release|Any CPU
		{5DBB2740-D2E8-4E85-B853-4D533DECC516}.Release|x64.ActiveCfg = Release|Any CPU
		{5DBB2740-D2E8-4E85-B853-4D533DECC516}.Release|x64.Build.0 = Release|Any CPU
		{5DBB2740-D2E8-4E85-B853-4D533DECC516}.Release|x86.ActiveCfg = Release|Any CPU
		{5DBB2740-D2E8-4E85-B853-4D533DECC516}.Release|x86.Build.0 = Release|Any CPU
		{F1F28466-02EB-41B4-A78C-D497CCE45A7E}.Debug|Any CPU.ActiveCfg = Debug|Any CPU
		{F1F28466-02EB-41B4-A78C-D497CCE45A7E}.Debug|Any CPU.Build.0 = Debug|Any CPU
		{F1F28466-02EB-41B4-A78C-D497CCE45A7E}.Debug|x64.ActiveCfg = Debug|Any CPU
		{F1F28466-02EB-41B4-A78C-D497CCE45A7E}.Debug|x64.Build.0 = Debug|Any CPU
		{F1F28466-02EB-41B4-A78C-D497CCE45A7E}.Debug|x86.ActiveCfg = Debug|Any CPU
		{F1F28466-02EB-41B4-A78C-D497CCE45A7E}.Debug|x86.Build.0 = Debug|Any CPU
		{F1F28466-02EB-41B4-A78C-D497CCE45A7E}.Release|Any CPU.ActiveCfg = Release|Any CPU
		{F1F28466-02EB-41B4-A78C-D497CCE45A7E}.Release|Any CPU.Build.0 = Release|Any CPU
		{F1F28466-02EB-41B4-A78C-D497CCE45A7E}.Release|x64.ActiveCfg = Release|Any CPU
		{F1F28466-02EB-41B4-A78C-D497CCE45A7E}.Release|x64.Build.0 = Release|Any CPU
		{F1F28466-02EB-41B4-A78C-D497CCE45A7E}.Release|x86.ActiveCfg = Release|Any CPU
		{F1F28466-02EB-41B4-A78C-D497CCE45A7E}.Release|x86.Build.0 = Release|Any CPU
		{33DBE47F-B37E-4E50-9932-081F6C1D4218}.Debug|Any CPU.ActiveCfg = Debug|Any CPU
		{33DBE47F-B37E-4E50-9932-081F6C1D4218}.Debug|Any CPU.Build.0 = Debug|Any CPU
		{33DBE47F-B37E-4E50-9932-081F6C1D4218}.Debug|x64.ActiveCfg = Debug|Any CPU
		{33DBE47F-B37E-4E50-9932-081F6C1D4218}.Debug|x64.Build.0 = Debug|Any CPU
		{33DBE47F-B37E-4E50-9932-081F6C1D4218}.Debug|x86.ActiveCfg = Debug|Any CPU
		{33DBE47F-B37E-4E50-9932-081F6C1D4218}.Debug|x86.Build.0 = Debug|Any CPU
		{33DBE47F-B37E-4E50-9932-081F6C1D4218}.Release|Any CPU.ActiveCfg = Release|Any CPU
		{33DBE47F-B37E-4E50-9932-081F6C1D4218}.Release|Any CPU.Build.0 = Release|Any CPU
		{33DBE47F-B37E-4E50-9932-081F6C1D4218}.Release|x64.ActiveCfg = Release|Any CPU
		{33DBE47F-B37E-4E50-9932-081F6C1D4218}.Release|x64.Build.0 = Release|Any CPU
		{33DBE47F-B37E-4E50-9932-081F6C1D4218}.Release|x86.ActiveCfg = Release|Any CPU
		{33DBE47F-B37E-4E50-9932-081F6C1D4218}.Release|x86.Build.0 = Release|Any CPU
		{40077F6F-89BD-4ECD-97EF-3ABE5BA6B16E}.Debug|Any CPU.ActiveCfg = Debug|Any CPU
		{40077F6F-89BD-4ECD-97EF-3ABE5BA6B16E}.Debug|Any CPU.Build.0 = Debug|Any CPU
		{40077F6F-89BD-4ECD-97EF-3ABE5BA6B16E}.Debug|x64.ActiveCfg = Debug|Any CPU
		{40077F6F-89BD-4ECD-97EF-3ABE5BA6B16E}.Debug|x64.Build.0 = Debug|Any CPU
		{40077F6F-89BD-4ECD-97EF-3ABE5BA6B16E}.Debug|x86.ActiveCfg = Debug|Any CPU
		{40077F6F-89BD-4ECD-97EF-3ABE5BA6B16E}.Debug|x86.Build.0 = Debug|Any CPU
		{40077F6F-89BD-4ECD-97EF-3ABE5BA6B16E}.Release|Any CPU.ActiveCfg = Release|Any CPU
		{40077F6F-89BD-4ECD-97EF-3ABE5BA6B16E}.Release|Any CPU.Build.0 = Release|Any CPU
		{40077F6F-89BD-4ECD-97EF-3ABE5BA6B16E}.Release|x64.ActiveCfg = Release|Any CPU
		{40077F6F-89BD-4ECD-97EF-3ABE5BA6B16E}.Release|x64.Build.0 = Release|Any CPU
		{40077F6F-89BD-4ECD-97EF-3ABE5BA6B16E}.Release|x86.ActiveCfg = Release|Any CPU
		{40077F6F-89BD-4ECD-97EF-3ABE5BA6B16E}.Release|x86.Build.0 = Release|Any CPU
		{12D68985-74CA-4DD3-9F1D-04F0C5004037}.Debug|Any CPU.ActiveCfg = Debug|Any CPU
		{12D68985-74CA-4DD3-9F1D-04F0C5004037}.Debug|Any CPU.Build.0 = Debug|Any CPU
		{12D68985-74CA-4DD3-9F1D-04F0C5004037}.Debug|x64.ActiveCfg = Debug|Any CPU
		{12D68985-74CA-4DD3-9F1D-04F0C5004037}.Debug|x64.Build.0 = Debug|Any CPU
		{12D68985-74CA-4DD3-9F1D-04F0C5004037}.Debug|x86.ActiveCfg = Debug|Any CPU
		{12D68985-74CA-4DD3-9F1D-04F0C5004037}.Debug|x86.Build.0 = Debug|Any CPU
		{12D68985-74CA-4DD3-9F1D-04F0C5004037}.Release|Any CPU.ActiveCfg = Release|Any CPU
		{12D68985-74CA-4DD3-9F1D-04F0C5004037}.Release|Any CPU.Build.0 = Release|Any CPU
		{12D68985-74CA-4DD3-9F1D-04F0C5004037}.Release|x64.ActiveCfg = Release|Any CPU
		{12D68985-74CA-4DD3-9F1D-04F0C5004037}.Release|x64.Build.0 = Release|Any CPU
		{12D68985-74CA-4DD3-9F1D-04F0C5004037}.Release|x86.ActiveCfg = Release|Any CPU
		{12D68985-74CA-4DD3-9F1D-04F0C5004037}.Release|x86.Build.0 = Release|Any CPU
		{BF75F66E-59BC-427C-850E-6700CDDEC197}.Debug|Any CPU.ActiveCfg = Debug|Any CPU
		{BF75F66E-59BC-427C-850E-6700CDDEC197}.Debug|Any CPU.Build.0 = Debug|Any CPU
		{BF75F66E-59BC-427C-850E-6700CDDEC197}.Debug|x64.ActiveCfg = Debug|Any CPU
		{BF75F66E-59BC-427C-850E-6700CDDEC197}.Debug|x64.Build.0 = Debug|Any CPU
		{BF75F66E-59BC-427C-850E-6700CDDEC197}.Debug|x86.ActiveCfg = Debug|Any CPU
		{BF75F66E-59BC-427C-850E-6700CDDEC197}.Debug|x86.Build.0 = Debug|Any CPU
		{BF75F66E-59BC-427C-850E-6700CDDEC197}.Release|Any CPU.ActiveCfg = Release|Any CPU
		{BF75F66E-59BC-427C-850E-6700CDDEC197}.Release|Any CPU.Build.0 = Release|Any CPU
		{BF75F66E-59BC-427C-850E-6700CDDEC197}.Release|x64.ActiveCfg = Release|Any CPU
		{BF75F66E-59BC-427C-850E-6700CDDEC197}.Release|x64.Build.0 = Release|Any CPU
		{BF75F66E-59BC-427C-850E-6700CDDEC197}.Release|x86.ActiveCfg = Release|Any CPU
		{BF75F66E-59BC-427C-850E-6700CDDEC197}.Release|x86.Build.0 = Release|Any CPU
		{AD1ABD93-2586-4715-A94C-0A7D4595AED2}.Debug|Any CPU.ActiveCfg = Debug|Any CPU
		{AD1ABD93-2586-4715-A94C-0A7D4595AED2}.Debug|Any CPU.Build.0 = Debug|Any CPU
		{AD1ABD93-2586-4715-A94C-0A7D4595AED2}.Debug|x64.ActiveCfg = Debug|Any CPU
		{AD1ABD93-2586-4715-A94C-0A7D4595AED2}.Debug|x64.Build.0 = Debug|Any CPU
		{AD1ABD93-2586-4715-A94C-0A7D4595AED2}.Debug|x86.ActiveCfg = Debug|Any CPU
		{AD1ABD93-2586-4715-A94C-0A7D4595AED2}.Debug|x86.Build.0 = Debug|Any CPU
		{AD1ABD93-2586-4715-A94C-0A7D4595AED2}.Release|Any CPU.ActiveCfg = Release|Any CPU
		{AD1ABD93-2586-4715-A94C-0A7D4595AED2}.Release|Any CPU.Build.0 = Release|Any CPU
		{AD1ABD93-2586-4715-A94C-0A7D4595AED2}.Release|x64.ActiveCfg = Release|Any CPU
		{AD1ABD93-2586-4715-A94C-0A7D4595AED2}.Release|x64.Build.0 = Release|Any CPU
		{AD1ABD93-2586-4715-A94C-0A7D4595AED2}.Release|x86.ActiveCfg = Release|Any CPU
		{AD1ABD93-2586-4715-A94C-0A7D4595AED2}.Release|x86.Build.0 = Release|Any CPU
		{ACB52354-A9A4-41B9-82A1-3694B75C2EAE}.Debug|Any CPU.ActiveCfg = Debug|Any CPU
		{ACB52354-A9A4-41B9-82A1-3694B75C2EAE}.Debug|Any CPU.Build.0 = Debug|Any CPU
		{ACB52354-A9A4-41B9-82A1-3694B75C2EAE}.Debug|x64.ActiveCfg = Debug|Any CPU
		{ACB52354-A9A4-41B9-82A1-3694B75C2EAE}.Debug|x64.Build.0 = Debug|Any CPU
		{ACB52354-A9A4-41B9-82A1-3694B75C2EAE}.Debug|x86.ActiveCfg = Debug|Any CPU
		{ACB52354-A9A4-41B9-82A1-3694B75C2EAE}.Debug|x86.Build.0 = Debug|Any CPU
		{ACB52354-A9A4-41B9-82A1-3694B75C2EAE}.Release|Any CPU.ActiveCfg = Release|Any CPU
		{ACB52354-A9A4-41B9-82A1-3694B75C2EAE}.Release|Any CPU.Build.0 = Release|Any CPU
		{ACB52354-A9A4-41B9-82A1-3694B75C2EAE}.Release|x64.ActiveCfg = Release|Any CPU
		{ACB52354-A9A4-41B9-82A1-3694B75C2EAE}.Release|x64.Build.0 = Release|Any CPU
		{ACB52354-A9A4-41B9-82A1-3694B75C2EAE}.Release|x86.ActiveCfg = Release|Any CPU
		{ACB52354-A9A4-41B9-82A1-3694B75C2EAE}.Release|x86.Build.0 = Release|Any CPU
		{01DF6640-618C-4C11-B8DC-B7500C62F28D}.Debug|Any CPU.ActiveCfg = Debug|Any CPU
		{01DF6640-618C-4C11-B8DC-B7500C62F28D}.Debug|Any CPU.Build.0 = Debug|Any CPU
		{01DF6640-618C-4C11-B8DC-B7500C62F28D}.Debug|x64.ActiveCfg = Debug|Any CPU
		{01DF6640-618C-4C11-B8DC-B7500C62F28D}.Debug|x64.Build.0 = Debug|Any CPU
		{01DF6640-618C-4C11-B8DC-B7500C62F28D}.Debug|x86.ActiveCfg = Debug|Any CPU
		{01DF6640-618C-4C11-B8DC-B7500C62F28D}.Debug|x86.Build.0 = Debug|Any CPU
		{01DF6640-618C-4C11-B8DC-B7500C62F28D}.Release|Any CPU.ActiveCfg = Release|Any CPU
		{01DF6640-618C-4C11-B8DC-B7500C62F28D}.Release|Any CPU.Build.0 = Release|Any CPU
		{01DF6640-618C-4C11-B8DC-B7500C62F28D}.Release|x64.ActiveCfg = Release|Any CPU
		{01DF6640-618C-4C11-B8DC-B7500C62F28D}.Release|x64.Build.0 = Release|Any CPU
		{01DF6640-618C-4C11-B8DC-B7500C62F28D}.Release|x86.ActiveCfg = Release|Any CPU
		{01DF6640-618C-4C11-B8DC-B7500C62F28D}.Release|x86.Build.0 = Release|Any CPU
		{18976B69-708A-497C-951E-16247A94AF74}.Debug|Any CPU.ActiveCfg = Debug|Any CPU
		{18976B69-708A-497C-951E-16247A94AF74}.Debug|Any CPU.Build.0 = Debug|Any CPU
		{18976B69-708A-497C-951E-16247A94AF74}.Debug|x64.ActiveCfg = Debug|Any CPU
		{18976B69-708A-497C-951E-16247A94AF74}.Debug|x64.Build.0 = Debug|Any CPU
		{18976B69-708A-497C-951E-16247A94AF74}.Debug|x86.ActiveCfg = Debug|Any CPU
		{18976B69-708A-497C-951E-16247A94AF74}.Debug|x86.Build.0 = Debug|Any CPU
		{18976B69-708A-497C-951E-16247A94AF74}.Release|Any CPU.ActiveCfg = Release|Any CPU
		{18976B69-708A-497C-951E-16247A94AF74}.Release|Any CPU.Build.0 = Release|Any CPU
		{18976B69-708A-497C-951E-16247A94AF74}.Release|x64.ActiveCfg = Release|Any CPU
		{18976B69-708A-497C-951E-16247A94AF74}.Release|x64.Build.0 = Release|Any CPU
		{18976B69-708A-497C-951E-16247A94AF74}.Release|x86.ActiveCfg = Release|Any CPU
		{18976B69-708A-497C-951E-16247A94AF74}.Release|x86.Build.0 = Release|Any CPU
		{4531317A-915C-4992-9F6B-271333BC4410}.Debug|Any CPU.ActiveCfg = Debug|Any CPU
		{4531317A-915C-4992-9F6B-271333BC4410}.Debug|Any CPU.Build.0 = Debug|Any CPU
		{4531317A-915C-4992-9F6B-271333BC4410}.Debug|x64.ActiveCfg = Debug|Any CPU
		{4531317A-915C-4992-9F6B-271333BC4410}.Debug|x64.Build.0 = Debug|Any CPU
		{4531317A-915C-4992-9F6B-271333BC4410}.Debug|x86.ActiveCfg = Debug|Any CPU
		{4531317A-915C-4992-9F6B-271333BC4410}.Debug|x86.Build.0 = Debug|Any CPU
		{4531317A-915C-4992-9F6B-271333BC4410}.Release|Any CPU.ActiveCfg = Release|Any CPU
		{4531317A-915C-4992-9F6B-271333BC4410}.Release|Any CPU.Build.0 = Release|Any CPU
		{4531317A-915C-4992-9F6B-271333BC4410}.Release|x64.ActiveCfg = Release|Any CPU
		{4531317A-915C-4992-9F6B-271333BC4410}.Release|x64.Build.0 = Release|Any CPU
		{4531317A-915C-4992-9F6B-271333BC4410}.Release|x86.ActiveCfg = Release|Any CPU
		{4531317A-915C-4992-9F6B-271333BC4410}.Release|x86.Build.0 = Release|Any CPU
		{E44712B9-3368-416C-A46E-2296DC6897C0}.Debug|Any CPU.ActiveCfg = Debug|Any CPU
		{E44712B9-3368-416C-A46E-2296DC6897C0}.Debug|Any CPU.Build.0 = Debug|Any CPU
		{E44712B9-3368-416C-A46E-2296DC6897C0}.Debug|x64.ActiveCfg = Debug|Any CPU
		{E44712B9-3368-416C-A46E-2296DC6897C0}.Debug|x64.Build.0 = Debug|Any CPU
		{E44712B9-3368-416C-A46E-2296DC6897C0}.Debug|x86.ActiveCfg = Debug|Any CPU
		{E44712B9-3368-416C-A46E-2296DC6897C0}.Debug|x86.Build.0 = Debug|Any CPU
		{E44712B9-3368-416C-A46E-2296DC6897C0}.Release|Any CPU.ActiveCfg = Release|Any CPU
		{E44712B9-3368-416C-A46E-2296DC6897C0}.Release|Any CPU.Build.0 = Release|Any CPU
		{E44712B9-3368-416C-A46E-2296DC6897C0}.Release|x64.ActiveCfg = Release|Any CPU
		{E44712B9-3368-416C-A46E-2296DC6897C0}.Release|x64.Build.0 = Release|Any CPU
		{E44712B9-3368-416C-A46E-2296DC6897C0}.Release|x86.ActiveCfg = Release|Any CPU
		{E44712B9-3368-416C-A46E-2296DC6897C0}.Release|x86.Build.0 = Release|Any CPU
		{C95E47AA-77E6-42F2-9526-920358033D3A}.Debug|Any CPU.ActiveCfg = Debug|Any CPU
		{C95E47AA-77E6-42F2-9526-920358033D3A}.Debug|Any CPU.Build.0 = Debug|Any CPU
		{C95E47AA-77E6-42F2-9526-920358033D3A}.Debug|x64.ActiveCfg = Debug|Any CPU
		{C95E47AA-77E6-42F2-9526-920358033D3A}.Debug|x64.Build.0 = Debug|Any CPU
		{C95E47AA-77E6-42F2-9526-920358033D3A}.Debug|x86.ActiveCfg = Debug|Any CPU
		{C95E47AA-77E6-42F2-9526-920358033D3A}.Debug|x86.Build.0 = Debug|Any CPU
		{C95E47AA-77E6-42F2-9526-920358033D3A}.Release|Any CPU.ActiveCfg = Release|Any CPU
		{C95E47AA-77E6-42F2-9526-920358033D3A}.Release|Any CPU.Build.0 = Release|Any CPU
		{C95E47AA-77E6-42F2-9526-920358033D3A}.Release|x64.ActiveCfg = Release|Any CPU
		{C95E47AA-77E6-42F2-9526-920358033D3A}.Release|x64.Build.0 = Release|Any CPU
		{C95E47AA-77E6-42F2-9526-920358033D3A}.Release|x86.ActiveCfg = Release|Any CPU
		{C95E47AA-77E6-42F2-9526-920358033D3A}.Release|x86.Build.0 = Release|Any CPU
		{68575CF4-B362-4E88-8304-64D60D6E3734}.Debug|Any CPU.ActiveCfg = Debug|Any CPU
		{68575CF4-B362-4E88-8304-64D60D6E3734}.Debug|Any CPU.Build.0 = Debug|Any CPU
		{68575CF4-B362-4E88-8304-64D60D6E3734}.Debug|x64.ActiveCfg = Debug|Any CPU
		{68575CF4-B362-4E88-8304-64D60D6E3734}.Debug|x64.Build.0 = Debug|Any CPU
		{68575CF4-B362-4E88-8304-64D60D6E3734}.Debug|x86.ActiveCfg = Debug|Any CPU
		{68575CF4-B362-4E88-8304-64D60D6E3734}.Debug|x86.Build.0 = Debug|Any CPU
		{68575CF4-B362-4E88-8304-64D60D6E3734}.Release|Any CPU.ActiveCfg = Release|Any CPU
		{68575CF4-B362-4E88-8304-64D60D6E3734}.Release|Any CPU.Build.0 = Release|Any CPU
		{68575CF4-B362-4E88-8304-64D60D6E3734}.Release|x64.ActiveCfg = Release|Any CPU
		{68575CF4-B362-4E88-8304-64D60D6E3734}.Release|x64.Build.0 = Release|Any CPU
		{68575CF4-B362-4E88-8304-64D60D6E3734}.Release|x86.ActiveCfg = Release|Any CPU
		{68575CF4-B362-4E88-8304-64D60D6E3734}.Release|x86.Build.0 = Release|Any CPU
		{32A7997B-BA27-4A66-993D-E0AA95C0A973}.Debug|Any CPU.ActiveCfg = Debug|Any CPU
		{32A7997B-BA27-4A66-993D-E0AA95C0A973}.Debug|Any CPU.Build.0 = Debug|Any CPU
		{32A7997B-BA27-4A66-993D-E0AA95C0A973}.Debug|x64.ActiveCfg = Debug|Any CPU
		{32A7997B-BA27-4A66-993D-E0AA95C0A973}.Debug|x64.Build.0 = Debug|Any CPU
		{32A7997B-BA27-4A66-993D-E0AA95C0A973}.Debug|x86.ActiveCfg = Debug|Any CPU
		{32A7997B-BA27-4A66-993D-E0AA95C0A973}.Debug|x86.Build.0 = Debug|Any CPU
		{32A7997B-BA27-4A66-993D-E0AA95C0A973}.Release|Any CPU.ActiveCfg = Release|Any CPU
		{32A7997B-BA27-4A66-993D-E0AA95C0A973}.Release|Any CPU.Build.0 = Release|Any CPU
		{32A7997B-BA27-4A66-993D-E0AA95C0A973}.Release|x64.ActiveCfg = Release|Any CPU
		{32A7997B-BA27-4A66-993D-E0AA95C0A973}.Release|x64.Build.0 = Release|Any CPU
		{32A7997B-BA27-4A66-993D-E0AA95C0A973}.Release|x86.ActiveCfg = Release|Any CPU
		{32A7997B-BA27-4A66-993D-E0AA95C0A973}.Release|x86.Build.0 = Release|Any CPU
		{EB27A220-A9B2-4A76-843A-A3B4BF9AABFF}.Debug|Any CPU.ActiveCfg = Debug|Any CPU
		{EB27A220-A9B2-4A76-843A-A3B4BF9AABFF}.Debug|Any CPU.Build.0 = Debug|Any CPU
		{EB27A220-A9B2-4A76-843A-A3B4BF9AABFF}.Debug|x64.ActiveCfg = Debug|Any CPU
		{EB27A220-A9B2-4A76-843A-A3B4BF9AABFF}.Debug|x64.Build.0 = Debug|Any CPU
		{EB27A220-A9B2-4A76-843A-A3B4BF9AABFF}.Debug|x86.ActiveCfg = Debug|Any CPU
		{EB27A220-A9B2-4A76-843A-A3B4BF9AABFF}.Debug|x86.Build.0 = Debug|Any CPU
		{EB27A220-A9B2-4A76-843A-A3B4BF9AABFF}.Release|Any CPU.ActiveCfg = Release|Any CPU
		{EB27A220-A9B2-4A76-843A-A3B4BF9AABFF}.Release|Any CPU.Build.0 = Release|Any CPU
		{EB27A220-A9B2-4A76-843A-A3B4BF9AABFF}.Release|x64.ActiveCfg = Release|Any CPU
		{EB27A220-A9B2-4A76-843A-A3B4BF9AABFF}.Release|x64.Build.0 = Release|Any CPU
		{EB27A220-A9B2-4A76-843A-A3B4BF9AABFF}.Release|x86.ActiveCfg = Release|Any CPU
		{EB27A220-A9B2-4A76-843A-A3B4BF9AABFF}.Release|x86.Build.0 = Release|Any CPU
		{0F725DB1-9B78-46CF-87AB-97B25AE1757F}.Debug|Any CPU.ActiveCfg = Debug|Any CPU
		{0F725DB1-9B78-46CF-87AB-97B25AE1757F}.Debug|Any CPU.Build.0 = Debug|Any CPU
		{0F725DB1-9B78-46CF-87AB-97B25AE1757F}.Debug|x64.ActiveCfg = Debug|Any CPU
		{0F725DB1-9B78-46CF-87AB-97B25AE1757F}.Debug|x64.Build.0 = Debug|Any CPU
		{0F725DB1-9B78-46CF-87AB-97B25AE1757F}.Debug|x86.ActiveCfg = Debug|Any CPU
		{0F725DB1-9B78-46CF-87AB-97B25AE1757F}.Debug|x86.Build.0 = Debug|Any CPU
		{0F725DB1-9B78-46CF-87AB-97B25AE1757F}.Release|Any CPU.ActiveCfg = Release|Any CPU
		{0F725DB1-9B78-46CF-87AB-97B25AE1757F}.Release|Any CPU.Build.0 = Release|Any CPU
		{0F725DB1-9B78-46CF-87AB-97B25AE1757F}.Release|x64.ActiveCfg = Release|Any CPU
		{0F725DB1-9B78-46CF-87AB-97B25AE1757F}.Release|x64.Build.0 = Release|Any CPU
		{0F725DB1-9B78-46CF-87AB-97B25AE1757F}.Release|x86.ActiveCfg = Release|Any CPU
		{0F725DB1-9B78-46CF-87AB-97B25AE1757F}.Release|x86.Build.0 = Release|Any CPU
		{3E7BA362-6B20-488D-866E-1AC12CA072E3}.Debug|Any CPU.ActiveCfg = Debug|Any CPU
		{3E7BA362-6B20-488D-866E-1AC12CA072E3}.Debug|Any CPU.Build.0 = Debug|Any CPU
		{3E7BA362-6B20-488D-866E-1AC12CA072E3}.Debug|x64.ActiveCfg = Debug|Any CPU
		{3E7BA362-6B20-488D-866E-1AC12CA072E3}.Debug|x64.Build.0 = Debug|Any CPU
		{3E7BA362-6B20-488D-866E-1AC12CA072E3}.Debug|x86.ActiveCfg = Debug|Any CPU
		{3E7BA362-6B20-488D-866E-1AC12CA072E3}.Debug|x86.Build.0 = Debug|Any CPU
		{3E7BA362-6B20-488D-866E-1AC12CA072E3}.Release|Any CPU.ActiveCfg = Release|Any CPU
		{3E7BA362-6B20-488D-866E-1AC12CA072E3}.Release|Any CPU.Build.0 = Release|Any CPU
		{3E7BA362-6B20-488D-866E-1AC12CA072E3}.Release|x64.ActiveCfg = Release|Any CPU
		{3E7BA362-6B20-488D-866E-1AC12CA072E3}.Release|x64.Build.0 = Release|Any CPU
		{3E7BA362-6B20-488D-866E-1AC12CA072E3}.Release|x86.ActiveCfg = Release|Any CPU
		{3E7BA362-6B20-488D-866E-1AC12CA072E3}.Release|x86.Build.0 = Release|Any CPU
		{28EC43BE-C986-47D0-8E0D-495753E80002}.Debug|Any CPU.ActiveCfg = Debug|Any CPU
		{28EC43BE-C986-47D0-8E0D-495753E80002}.Debug|Any CPU.Build.0 = Debug|Any CPU
		{28EC43BE-C986-47D0-8E0D-495753E80002}.Debug|x64.ActiveCfg = Debug|Any CPU
		{28EC43BE-C986-47D0-8E0D-495753E80002}.Debug|x64.Build.0 = Debug|Any CPU
		{28EC43BE-C986-47D0-8E0D-495753E80002}.Debug|x86.ActiveCfg = Debug|Any CPU
		{28EC43BE-C986-47D0-8E0D-495753E80002}.Debug|x86.Build.0 = Debug|Any CPU
		{28EC43BE-C986-47D0-8E0D-495753E80002}.Release|Any CPU.ActiveCfg = Release|Any CPU
		{28EC43BE-C986-47D0-8E0D-495753E80002}.Release|Any CPU.Build.0 = Release|Any CPU
		{28EC43BE-C986-47D0-8E0D-495753E80002}.Release|x64.ActiveCfg = Release|Any CPU
		{28EC43BE-C986-47D0-8E0D-495753E80002}.Release|x64.Build.0 = Release|Any CPU
		{28EC43BE-C986-47D0-8E0D-495753E80002}.Release|x86.ActiveCfg = Release|Any CPU
		{28EC43BE-C986-47D0-8E0D-495753E80002}.Release|x86.Build.0 = Release|Any CPU
		{B1E9C63E-5098-4262-894A-B43633039338}.Debug|Any CPU.ActiveCfg = Debug|Any CPU
		{B1E9C63E-5098-4262-894A-B43633039338}.Debug|Any CPU.Build.0 = Debug|Any CPU
		{B1E9C63E-5098-4262-894A-B43633039338}.Debug|x64.ActiveCfg = Debug|Any CPU
		{B1E9C63E-5098-4262-894A-B43633039338}.Debug|x64.Build.0 = Debug|Any CPU
		{B1E9C63E-5098-4262-894A-B43633039338}.Debug|x86.ActiveCfg = Debug|Any CPU
		{B1E9C63E-5098-4262-894A-B43633039338}.Debug|x86.Build.0 = Debug|Any CPU
		{B1E9C63E-5098-4262-894A-B43633039338}.Release|Any CPU.ActiveCfg = Release|Any CPU
		{B1E9C63E-5098-4262-894A-B43633039338}.Release|Any CPU.Build.0 = Release|Any CPU
		{B1E9C63E-5098-4262-894A-B43633039338}.Release|x64.ActiveCfg = Release|Any CPU
		{B1E9C63E-5098-4262-894A-B43633039338}.Release|x64.Build.0 = Release|Any CPU
		{B1E9C63E-5098-4262-894A-B43633039338}.Release|x86.ActiveCfg = Release|Any CPU
		{B1E9C63E-5098-4262-894A-B43633039338}.Release|x86.Build.0 = Release|Any CPU
		{1FAC123F-D914-4E54-8BAE-CE76F1AB1A6D}.Debug|Any CPU.ActiveCfg = Debug|Any CPU
		{1FAC123F-D914-4E54-8BAE-CE76F1AB1A6D}.Debug|Any CPU.Build.0 = Debug|Any CPU
		{1FAC123F-D914-4E54-8BAE-CE76F1AB1A6D}.Debug|x64.ActiveCfg = Debug|Any CPU
		{1FAC123F-D914-4E54-8BAE-CE76F1AB1A6D}.Debug|x64.Build.0 = Debug|Any CPU
		{1FAC123F-D914-4E54-8BAE-CE76F1AB1A6D}.Debug|x86.ActiveCfg = Debug|Any CPU
		{1FAC123F-D914-4E54-8BAE-CE76F1AB1A6D}.Debug|x86.Build.0 = Debug|Any CPU
		{1FAC123F-D914-4E54-8BAE-CE76F1AB1A6D}.Release|Any CPU.ActiveCfg = Release|Any CPU
		{1FAC123F-D914-4E54-8BAE-CE76F1AB1A6D}.Release|Any CPU.Build.0 = Release|Any CPU
		{1FAC123F-D914-4E54-8BAE-CE76F1AB1A6D}.Release|x64.ActiveCfg = Release|Any CPU
		{1FAC123F-D914-4E54-8BAE-CE76F1AB1A6D}.Release|x64.Build.0 = Release|Any CPU
		{1FAC123F-D914-4E54-8BAE-CE76F1AB1A6D}.Release|x86.ActiveCfg = Release|Any CPU
		{1FAC123F-D914-4E54-8BAE-CE76F1AB1A6D}.Release|x86.Build.0 = Release|Any CPU
		{660EAC40-25EC-4EEC-A341-DDAE10634145}.Debug|Any CPU.ActiveCfg = Debug|Any CPU
		{660EAC40-25EC-4EEC-A341-DDAE10634145}.Debug|Any CPU.Build.0 = Debug|Any CPU
		{660EAC40-25EC-4EEC-A341-DDAE10634145}.Debug|x64.ActiveCfg = Debug|Any CPU
		{660EAC40-25EC-4EEC-A341-DDAE10634145}.Debug|x64.Build.0 = Debug|Any CPU
		{660EAC40-25EC-4EEC-A341-DDAE10634145}.Debug|x86.ActiveCfg = Debug|Any CPU
		{660EAC40-25EC-4EEC-A341-DDAE10634145}.Debug|x86.Build.0 = Debug|Any CPU
		{660EAC40-25EC-4EEC-A341-DDAE10634145}.Release|Any CPU.ActiveCfg = Release|Any CPU
		{660EAC40-25EC-4EEC-A341-DDAE10634145}.Release|Any CPU.Build.0 = Release|Any CPU
		{660EAC40-25EC-4EEC-A341-DDAE10634145}.Release|x64.ActiveCfg = Release|Any CPU
		{660EAC40-25EC-4EEC-A341-DDAE10634145}.Release|x64.Build.0 = Release|Any CPU
		{660EAC40-25EC-4EEC-A341-DDAE10634145}.Release|x86.ActiveCfg = Release|Any CPU
		{660EAC40-25EC-4EEC-A341-DDAE10634145}.Release|x86.Build.0 = Release|Any CPU
		{86162742-59B1-48C1-BC57-EFCB2977EAD9}.Debug|Any CPU.ActiveCfg = Debug|Any CPU
		{86162742-59B1-48C1-BC57-EFCB2977EAD9}.Debug|Any CPU.Build.0 = Debug|Any CPU
		{86162742-59B1-48C1-BC57-EFCB2977EAD9}.Debug|x64.ActiveCfg = Debug|Any CPU
		{86162742-59B1-48C1-BC57-EFCB2977EAD9}.Debug|x64.Build.0 = Debug|Any CPU
		{86162742-59B1-48C1-BC57-EFCB2977EAD9}.Debug|x86.ActiveCfg = Debug|Any CPU
		{86162742-59B1-48C1-BC57-EFCB2977EAD9}.Debug|x86.Build.0 = Debug|Any CPU
		{86162742-59B1-48C1-BC57-EFCB2977EAD9}.Release|Any CPU.ActiveCfg = Release|Any CPU
		{86162742-59B1-48C1-BC57-EFCB2977EAD9}.Release|Any CPU.Build.0 = Release|Any CPU
		{86162742-59B1-48C1-BC57-EFCB2977EAD9}.Release|x64.ActiveCfg = Release|Any CPU
		{86162742-59B1-48C1-BC57-EFCB2977EAD9}.Release|x64.Build.0 = Release|Any CPU
		{86162742-59B1-48C1-BC57-EFCB2977EAD9}.Release|x86.ActiveCfg = Release|Any CPU
		{86162742-59B1-48C1-BC57-EFCB2977EAD9}.Release|x86.Build.0 = Release|Any CPU
		{A3050DB4-3B18-41B0-B8B7-5388912BA4FC}.Debug|Any CPU.ActiveCfg = Debug|Any CPU
		{A3050DB4-3B18-41B0-B8B7-5388912BA4FC}.Debug|Any CPU.Build.0 = Debug|Any CPU
		{A3050DB4-3B18-41B0-B8B7-5388912BA4FC}.Debug|x64.ActiveCfg = Debug|Any CPU
		{A3050DB4-3B18-41B0-B8B7-5388912BA4FC}.Debug|x64.Build.0 = Debug|Any CPU
		{A3050DB4-3B18-41B0-B8B7-5388912BA4FC}.Debug|x86.ActiveCfg = Debug|Any CPU
		{A3050DB4-3B18-41B0-B8B7-5388912BA4FC}.Debug|x86.Build.0 = Debug|Any CPU
		{A3050DB4-3B18-41B0-B8B7-5388912BA4FC}.Release|Any CPU.ActiveCfg = Release|Any CPU
		{A3050DB4-3B18-41B0-B8B7-5388912BA4FC}.Release|Any CPU.Build.0 = Release|Any CPU
		{A3050DB4-3B18-41B0-B8B7-5388912BA4FC}.Release|x64.ActiveCfg = Release|Any CPU
		{A3050DB4-3B18-41B0-B8B7-5388912BA4FC}.Release|x64.Build.0 = Release|Any CPU
		{A3050DB4-3B18-41B0-B8B7-5388912BA4FC}.Release|x86.ActiveCfg = Release|Any CPU
		{A3050DB4-3B18-41B0-B8B7-5388912BA4FC}.Release|x86.Build.0 = Release|Any CPU
		{FE5DCCF8-1181-4E10-84AD-2FA9B219E90D}.Debug|Any CPU.ActiveCfg = Debug|Any CPU
		{FE5DCCF8-1181-4E10-84AD-2FA9B219E90D}.Debug|Any CPU.Build.0 = Debug|Any CPU
		{FE5DCCF8-1181-4E10-84AD-2FA9B219E90D}.Debug|x64.ActiveCfg = Debug|Any CPU
		{FE5DCCF8-1181-4E10-84AD-2FA9B219E90D}.Debug|x64.Build.0 = Debug|Any CPU
		{FE5DCCF8-1181-4E10-84AD-2FA9B219E90D}.Debug|x86.ActiveCfg = Debug|Any CPU
		{FE5DCCF8-1181-4E10-84AD-2FA9B219E90D}.Debug|x86.Build.0 = Debug|Any CPU
		{FE5DCCF8-1181-4E10-84AD-2FA9B219E90D}.Release|Any CPU.ActiveCfg = Release|Any CPU
		{FE5DCCF8-1181-4E10-84AD-2FA9B219E90D}.Release|Any CPU.Build.0 = Release|Any CPU
		{FE5DCCF8-1181-4E10-84AD-2FA9B219E90D}.Release|x64.ActiveCfg = Release|Any CPU
		{FE5DCCF8-1181-4E10-84AD-2FA9B219E90D}.Release|x64.Build.0 = Release|Any CPU
		{FE5DCCF8-1181-4E10-84AD-2FA9B219E90D}.Release|x86.ActiveCfg = Release|Any CPU
		{FE5DCCF8-1181-4E10-84AD-2FA9B219E90D}.Release|x86.Build.0 = Release|Any CPU
		{D68A2769-8259-4388-BF62-EA8F1B873C64}.Debug|Any CPU.ActiveCfg = Debug|Any CPU
		{D68A2769-8259-4388-BF62-EA8F1B873C64}.Debug|Any CPU.Build.0 = Debug|Any CPU
		{D68A2769-8259-4388-BF62-EA8F1B873C64}.Debug|x64.ActiveCfg = Debug|Any CPU
		{D68A2769-8259-4388-BF62-EA8F1B873C64}.Debug|x64.Build.0 = Debug|Any CPU
		{D68A2769-8259-4388-BF62-EA8F1B873C64}.Debug|x86.ActiveCfg = Debug|Any CPU
		{D68A2769-8259-4388-BF62-EA8F1B873C64}.Debug|x86.Build.0 = Debug|Any CPU
		{D68A2769-8259-4388-BF62-EA8F1B873C64}.Release|Any CPU.ActiveCfg = Release|Any CPU
		{D68A2769-8259-4388-BF62-EA8F1B873C64}.Release|Any CPU.Build.0 = Release|Any CPU
		{D68A2769-8259-4388-BF62-EA8F1B873C64}.Release|x64.ActiveCfg = Release|Any CPU
		{D68A2769-8259-4388-BF62-EA8F1B873C64}.Release|x64.Build.0 = Release|Any CPU
		{D68A2769-8259-4388-BF62-EA8F1B873C64}.Release|x86.ActiveCfg = Release|Any CPU
		{D68A2769-8259-4388-BF62-EA8F1B873C64}.Release|x86.Build.0 = Release|Any CPU
		{5CA54826-620B-4F04-89ED-639D235F3B06}.Debug|Any CPU.ActiveCfg = Debug|Any CPU
		{5CA54826-620B-4F04-89ED-639D235F3B06}.Debug|Any CPU.Build.0 = Debug|Any CPU
		{5CA54826-620B-4F04-89ED-639D235F3B06}.Debug|x64.ActiveCfg = Debug|Any CPU
		{5CA54826-620B-4F04-89ED-639D235F3B06}.Debug|x64.Build.0 = Debug|Any CPU
		{5CA54826-620B-4F04-89ED-639D235F3B06}.Debug|x86.ActiveCfg = Debug|Any CPU
		{5CA54826-620B-4F04-89ED-639D235F3B06}.Debug|x86.Build.0 = Debug|Any CPU
		{5CA54826-620B-4F04-89ED-639D235F3B06}.Release|Any CPU.ActiveCfg = Release|Any CPU
		{5CA54826-620B-4F04-89ED-639D235F3B06}.Release|Any CPU.Build.0 = Release|Any CPU
		{5CA54826-620B-4F04-89ED-639D235F3B06}.Release|x64.ActiveCfg = Release|Any CPU
		{5CA54826-620B-4F04-89ED-639D235F3B06}.Release|x64.Build.0 = Release|Any CPU
		{5CA54826-620B-4F04-89ED-639D235F3B06}.Release|x86.ActiveCfg = Release|Any CPU
		{5CA54826-620B-4F04-89ED-639D235F3B06}.Release|x86.Build.0 = Release|Any CPU
		{EE3D0CA7-DE7B-419F-99B4-9B34CB2AC991}.Debug|Any CPU.ActiveCfg = Debug|Any CPU
		{EE3D0CA7-DE7B-419F-99B4-9B34CB2AC991}.Debug|Any CPU.Build.0 = Debug|Any CPU
		{EE3D0CA7-DE7B-419F-99B4-9B34CB2AC991}.Debug|x64.ActiveCfg = Debug|Any CPU
		{EE3D0CA7-DE7B-419F-99B4-9B34CB2AC991}.Debug|x64.Build.0 = Debug|Any CPU
		{EE3D0CA7-DE7B-419F-99B4-9B34CB2AC991}.Debug|x86.ActiveCfg = Debug|Any CPU
		{EE3D0CA7-DE7B-419F-99B4-9B34CB2AC991}.Debug|x86.Build.0 = Debug|Any CPU
		{EE3D0CA7-DE7B-419F-99B4-9B34CB2AC991}.Release|Any CPU.ActiveCfg = Release|Any CPU
		{EE3D0CA7-DE7B-419F-99B4-9B34CB2AC991}.Release|Any CPU.Build.0 = Release|Any CPU
		{EE3D0CA7-DE7B-419F-99B4-9B34CB2AC991}.Release|x64.ActiveCfg = Release|Any CPU
		{EE3D0CA7-DE7B-419F-99B4-9B34CB2AC991}.Release|x64.Build.0 = Release|Any CPU
		{EE3D0CA7-DE7B-419F-99B4-9B34CB2AC991}.Release|x86.ActiveCfg = Release|Any CPU
		{EE3D0CA7-DE7B-419F-99B4-9B34CB2AC991}.Release|x86.Build.0 = Release|Any CPU
		{671A9C3F-3696-4494-9813-E3454EAFDDC4}.Debug|Any CPU.ActiveCfg = Debug|Any CPU
		{671A9C3F-3696-4494-9813-E3454EAFDDC4}.Debug|Any CPU.Build.0 = Debug|Any CPU
		{671A9C3F-3696-4494-9813-E3454EAFDDC4}.Debug|x64.ActiveCfg = Debug|Any CPU
		{671A9C3F-3696-4494-9813-E3454EAFDDC4}.Debug|x64.Build.0 = Debug|Any CPU
		{671A9C3F-3696-4494-9813-E3454EAFDDC4}.Debug|x86.ActiveCfg = Debug|Any CPU
		{671A9C3F-3696-4494-9813-E3454EAFDDC4}.Debug|x86.Build.0 = Debug|Any CPU
		{671A9C3F-3696-4494-9813-E3454EAFDDC4}.Release|Any CPU.ActiveCfg = Release|Any CPU
		{671A9C3F-3696-4494-9813-E3454EAFDDC4}.Release|Any CPU.Build.0 = Release|Any CPU
		{671A9C3F-3696-4494-9813-E3454EAFDDC4}.Release|x64.ActiveCfg = Release|Any CPU
		{671A9C3F-3696-4494-9813-E3454EAFDDC4}.Release|x64.Build.0 = Release|Any CPU
		{671A9C3F-3696-4494-9813-E3454EAFDDC4}.Release|x86.ActiveCfg = Release|Any CPU
		{671A9C3F-3696-4494-9813-E3454EAFDDC4}.Release|x86.Build.0 = Release|Any CPU
		{BA7190E1-DAA0-42E3-A654-4A619F1D5B3B}.Debug|Any CPU.ActiveCfg = Debug|Any CPU
		{BA7190E1-DAA0-42E3-A654-4A619F1D5B3B}.Debug|Any CPU.Build.0 = Debug|Any CPU
		{BA7190E1-DAA0-42E3-A654-4A619F1D5B3B}.Debug|x64.ActiveCfg = Debug|Any CPU
		{BA7190E1-DAA0-42E3-A654-4A619F1D5B3B}.Debug|x64.Build.0 = Debug|Any CPU
		{BA7190E1-DAA0-42E3-A654-4A619F1D5B3B}.Debug|x86.ActiveCfg = Debug|Any CPU
		{BA7190E1-DAA0-42E3-A654-4A619F1D5B3B}.Debug|x86.Build.0 = Debug|Any CPU
		{BA7190E1-DAA0-42E3-A654-4A619F1D5B3B}.Release|Any CPU.ActiveCfg = Release|Any CPU
		{BA7190E1-DAA0-42E3-A654-4A619F1D5B3B}.Release|Any CPU.Build.0 = Release|Any CPU
		{BA7190E1-DAA0-42E3-A654-4A619F1D5B3B}.Release|x64.ActiveCfg = Release|Any CPU
		{BA7190E1-DAA0-42E3-A654-4A619F1D5B3B}.Release|x64.Build.0 = Release|Any CPU
		{BA7190E1-DAA0-42E3-A654-4A619F1D5B3B}.Release|x86.ActiveCfg = Release|Any CPU
		{BA7190E1-DAA0-42E3-A654-4A619F1D5B3B}.Release|x86.Build.0 = Release|Any CPU
		{D2173371-05C8-431B-AD2E-FD017196625A}.Debug|Any CPU.ActiveCfg = Debug|Any CPU
		{D2173371-05C8-431B-AD2E-FD017196625A}.Debug|Any CPU.Build.0 = Debug|Any CPU
		{D2173371-05C8-431B-AD2E-FD017196625A}.Debug|x64.ActiveCfg = Debug|Any CPU
		{D2173371-05C8-431B-AD2E-FD017196625A}.Debug|x64.Build.0 = Debug|Any CPU
		{D2173371-05C8-431B-AD2E-FD017196625A}.Debug|x86.ActiveCfg = Debug|Any CPU
		{D2173371-05C8-431B-AD2E-FD017196625A}.Debug|x86.Build.0 = Debug|Any CPU
		{D2173371-05C8-431B-AD2E-FD017196625A}.Release|Any CPU.ActiveCfg = Release|Any CPU
		{D2173371-05C8-431B-AD2E-FD017196625A}.Release|Any CPU.Build.0 = Release|Any CPU
		{D2173371-05C8-431B-AD2E-FD017196625A}.Release|x64.ActiveCfg = Release|Any CPU
		{D2173371-05C8-431B-AD2E-FD017196625A}.Release|x64.Build.0 = Release|Any CPU
		{D2173371-05C8-431B-AD2E-FD017196625A}.Release|x86.ActiveCfg = Release|Any CPU
		{D2173371-05C8-431B-AD2E-FD017196625A}.Release|x86.Build.0 = Release|Any CPU
		{B6D81ED6-B434-4D4B-A134-CABB2E98F0D5}.Debug|Any CPU.ActiveCfg = Debug|Any CPU
		{B6D81ED6-B434-4D4B-A134-CABB2E98F0D5}.Debug|Any CPU.Build.0 = Debug|Any CPU
		{B6D81ED6-B434-4D4B-A134-CABB2E98F0D5}.Debug|x64.ActiveCfg = Debug|Any CPU
		{B6D81ED6-B434-4D4B-A134-CABB2E98F0D5}.Debug|x64.Build.0 = Debug|Any CPU
		{B6D81ED6-B434-4D4B-A134-CABB2E98F0D5}.Debug|x86.ActiveCfg = Debug|Any CPU
		{B6D81ED6-B434-4D4B-A134-CABB2E98F0D5}.Debug|x86.Build.0 = Debug|Any CPU
		{B6D81ED6-B434-4D4B-A134-CABB2E98F0D5}.Release|Any CPU.ActiveCfg = Release|Any CPU
		{B6D81ED6-B434-4D4B-A134-CABB2E98F0D5}.Release|Any CPU.Build.0 = Release|Any CPU
		{B6D81ED6-B434-4D4B-A134-CABB2E98F0D5}.Release|x64.ActiveCfg = Release|Any CPU
		{B6D81ED6-B434-4D4B-A134-CABB2E98F0D5}.Release|x64.Build.0 = Release|Any CPU
		{B6D81ED6-B434-4D4B-A134-CABB2E98F0D5}.Release|x86.ActiveCfg = Release|Any CPU
		{B6D81ED6-B434-4D4B-A134-CABB2E98F0D5}.Release|x86.Build.0 = Release|Any CPU
		{F06B5269-EA10-45D4-9CE1-6F34AAEF1D32}.Debug|Any CPU.ActiveCfg = Debug|Any CPU
		{F06B5269-EA10-45D4-9CE1-6F34AAEF1D32}.Debug|Any CPU.Build.0 = Debug|Any CPU
		{F06B5269-EA10-45D4-9CE1-6F34AAEF1D32}.Debug|x64.ActiveCfg = Debug|Any CPU
		{F06B5269-EA10-45D4-9CE1-6F34AAEF1D32}.Debug|x64.Build.0 = Debug|Any CPU
		{F06B5269-EA10-45D4-9CE1-6F34AAEF1D32}.Debug|x86.ActiveCfg = Debug|Any CPU
		{F06B5269-EA10-45D4-9CE1-6F34AAEF1D32}.Debug|x86.Build.0 = Debug|Any CPU
		{F06B5269-EA10-45D4-9CE1-6F34AAEF1D32}.Release|Any CPU.ActiveCfg = Release|Any CPU
		{F06B5269-EA10-45D4-9CE1-6F34AAEF1D32}.Release|Any CPU.Build.0 = Release|Any CPU
		{F06B5269-EA10-45D4-9CE1-6F34AAEF1D32}.Release|x64.ActiveCfg = Release|Any CPU
		{F06B5269-EA10-45D4-9CE1-6F34AAEF1D32}.Release|x64.Build.0 = Release|Any CPU
		{F06B5269-EA10-45D4-9CE1-6F34AAEF1D32}.Release|x86.ActiveCfg = Release|Any CPU
		{F06B5269-EA10-45D4-9CE1-6F34AAEF1D32}.Release|x86.Build.0 = Release|Any CPU
		{DBC77F1A-2A0A-4D9C-BD44-8CEAD2E341AB}.Debug|Any CPU.ActiveCfg = Debug|Any CPU
		{DBC77F1A-2A0A-4D9C-BD44-8CEAD2E341AB}.Debug|Any CPU.Build.0 = Debug|Any CPU
		{DBC77F1A-2A0A-4D9C-BD44-8CEAD2E341AB}.Debug|x64.ActiveCfg = Debug|Any CPU
		{DBC77F1A-2A0A-4D9C-BD44-8CEAD2E341AB}.Debug|x64.Build.0 = Debug|Any CPU
		{DBC77F1A-2A0A-4D9C-BD44-8CEAD2E341AB}.Debug|x86.ActiveCfg = Debug|Any CPU
		{DBC77F1A-2A0A-4D9C-BD44-8CEAD2E341AB}.Debug|x86.Build.0 = Debug|Any CPU
		{DBC77F1A-2A0A-4D9C-BD44-8CEAD2E341AB}.Release|Any CPU.ActiveCfg = Release|Any CPU
		{DBC77F1A-2A0A-4D9C-BD44-8CEAD2E341AB}.Release|Any CPU.Build.0 = Release|Any CPU
		{DBC77F1A-2A0A-4D9C-BD44-8CEAD2E341AB}.Release|x64.ActiveCfg = Release|Any CPU
		{DBC77F1A-2A0A-4D9C-BD44-8CEAD2E341AB}.Release|x64.Build.0 = Release|Any CPU
		{DBC77F1A-2A0A-4D9C-BD44-8CEAD2E341AB}.Release|x86.ActiveCfg = Release|Any CPU
		{DBC77F1A-2A0A-4D9C-BD44-8CEAD2E341AB}.Release|x86.Build.0 = Release|Any CPU
		{D41A1F04-7C7F-4558-9CC6-4CE1BAC28F29}.Debug|Any CPU.ActiveCfg = Debug|Any CPU
		{D41A1F04-7C7F-4558-9CC6-4CE1BAC28F29}.Debug|Any CPU.Build.0 = Debug|Any CPU
		{D41A1F04-7C7F-4558-9CC6-4CE1BAC28F29}.Debug|x64.ActiveCfg = Debug|Any CPU
		{D41A1F04-7C7F-4558-9CC6-4CE1BAC28F29}.Debug|x64.Build.0 = Debug|Any CPU
		{D41A1F04-7C7F-4558-9CC6-4CE1BAC28F29}.Debug|x86.ActiveCfg = Debug|Any CPU
		{D41A1F04-7C7F-4558-9CC6-4CE1BAC28F29}.Debug|x86.Build.0 = Debug|Any CPU
		{D41A1F04-7C7F-4558-9CC6-4CE1BAC28F29}.Release|Any CPU.ActiveCfg = Release|Any CPU
		{D41A1F04-7C7F-4558-9CC6-4CE1BAC28F29}.Release|Any CPU.Build.0 = Release|Any CPU
		{D41A1F04-7C7F-4558-9CC6-4CE1BAC28F29}.Release|x64.ActiveCfg = Release|Any CPU
		{D41A1F04-7C7F-4558-9CC6-4CE1BAC28F29}.Release|x64.Build.0 = Release|Any CPU
		{D41A1F04-7C7F-4558-9CC6-4CE1BAC28F29}.Release|x86.ActiveCfg = Release|Any CPU
		{D41A1F04-7C7F-4558-9CC6-4CE1BAC28F29}.Release|x86.Build.0 = Release|Any CPU
		{0083CA66-F980-47D4-BFB8-17434792474E}.Debug|Any CPU.ActiveCfg = Debug|Any CPU
		{0083CA66-F980-47D4-BFB8-17434792474E}.Debug|Any CPU.Build.0 = Debug|Any CPU
		{0083CA66-F980-47D4-BFB8-17434792474E}.Debug|x64.ActiveCfg = Debug|Any CPU
		{0083CA66-F980-47D4-BFB8-17434792474E}.Debug|x64.Build.0 = Debug|Any CPU
		{0083CA66-F980-47D4-BFB8-17434792474E}.Debug|x86.ActiveCfg = Debug|Any CPU
		{0083CA66-F980-47D4-BFB8-17434792474E}.Debug|x86.Build.0 = Debug|Any CPU
		{0083CA66-F980-47D4-BFB8-17434792474E}.Release|Any CPU.ActiveCfg = Release|Any CPU
		{0083CA66-F980-47D4-BFB8-17434792474E}.Release|Any CPU.Build.0 = Release|Any CPU
		{0083CA66-F980-47D4-BFB8-17434792474E}.Release|x64.ActiveCfg = Release|Any CPU
		{0083CA66-F980-47D4-BFB8-17434792474E}.Release|x64.Build.0 = Release|Any CPU
		{0083CA66-F980-47D4-BFB8-17434792474E}.Release|x86.ActiveCfg = Release|Any CPU
		{0083CA66-F980-47D4-BFB8-17434792474E}.Release|x86.Build.0 = Release|Any CPU
		{C3F785C9-3117-46D8-A964-84B719A69D00}.Debug|Any CPU.ActiveCfg = Debug|Any CPU
		{C3F785C9-3117-46D8-A964-84B719A69D00}.Debug|Any CPU.Build.0 = Debug|Any CPU
		{C3F785C9-3117-46D8-A964-84B719A69D00}.Debug|x64.ActiveCfg = Debug|Any CPU
		{C3F785C9-3117-46D8-A964-84B719A69D00}.Debug|x64.Build.0 = Debug|Any CPU
		{C3F785C9-3117-46D8-A964-84B719A69D00}.Debug|x86.ActiveCfg = Debug|Any CPU
		{C3F785C9-3117-46D8-A964-84B719A69D00}.Debug|x86.Build.0 = Debug|Any CPU
		{C3F785C9-3117-46D8-A964-84B719A69D00}.Release|Any CPU.ActiveCfg = Release|Any CPU
		{C3F785C9-3117-46D8-A964-84B719A69D00}.Release|Any CPU.Build.0 = Release|Any CPU
		{C3F785C9-3117-46D8-A964-84B719A69D00}.Release|x64.ActiveCfg = Release|Any CPU
		{C3F785C9-3117-46D8-A964-84B719A69D00}.Release|x64.Build.0 = Release|Any CPU
		{C3F785C9-3117-46D8-A964-84B719A69D00}.Release|x86.ActiveCfg = Release|Any CPU
		{C3F785C9-3117-46D8-A964-84B719A69D00}.Release|x86.Build.0 = Release|Any CPU
		{469D3573-8AB7-42A1-B09B-10A396F81D7C}.Debug|Any CPU.ActiveCfg = Debug|Any CPU
		{469D3573-8AB7-42A1-B09B-10A396F81D7C}.Debug|Any CPU.Build.0 = Debug|Any CPU
		{469D3573-8AB7-42A1-B09B-10A396F81D7C}.Debug|x64.ActiveCfg = Debug|Any CPU
		{469D3573-8AB7-42A1-B09B-10A396F81D7C}.Debug|x64.Build.0 = Debug|Any CPU
		{469D3573-8AB7-42A1-B09B-10A396F81D7C}.Debug|x86.ActiveCfg = Debug|Any CPU
		{469D3573-8AB7-42A1-B09B-10A396F81D7C}.Debug|x86.Build.0 = Debug|Any CPU
		{469D3573-8AB7-42A1-B09B-10A396F81D7C}.Release|Any CPU.ActiveCfg = Release|Any CPU
		{469D3573-8AB7-42A1-B09B-10A396F81D7C}.Release|Any CPU.Build.0 = Release|Any CPU
		{469D3573-8AB7-42A1-B09B-10A396F81D7C}.Release|x64.ActiveCfg = Release|Any CPU
		{469D3573-8AB7-42A1-B09B-10A396F81D7C}.Release|x64.Build.0 = Release|Any CPU
		{469D3573-8AB7-42A1-B09B-10A396F81D7C}.Release|x86.ActiveCfg = Release|Any CPU
		{469D3573-8AB7-42A1-B09B-10A396F81D7C}.Release|x86.Build.0 = Release|Any CPU
		{EA2F9F25-9281-4D5E-8657-E2BD9D9F6D0A}.Debug|Any CPU.ActiveCfg = Debug|Any CPU
		{EA2F9F25-9281-4D5E-8657-E2BD9D9F6D0A}.Debug|Any CPU.Build.0 = Debug|Any CPU
		{EA2F9F25-9281-4D5E-8657-E2BD9D9F6D0A}.Debug|x64.ActiveCfg = Debug|Any CPU
		{EA2F9F25-9281-4D5E-8657-E2BD9D9F6D0A}.Debug|x64.Build.0 = Debug|Any CPU
		{EA2F9F25-9281-4D5E-8657-E2BD9D9F6D0A}.Debug|x86.ActiveCfg = Debug|Any CPU
		{EA2F9F25-9281-4D5E-8657-E2BD9D9F6D0A}.Debug|x86.Build.0 = Debug|Any CPU
		{EA2F9F25-9281-4D5E-8657-E2BD9D9F6D0A}.Release|Any CPU.ActiveCfg = Release|Any CPU
		{EA2F9F25-9281-4D5E-8657-E2BD9D9F6D0A}.Release|Any CPU.Build.0 = Release|Any CPU
		{EA2F9F25-9281-4D5E-8657-E2BD9D9F6D0A}.Release|x64.ActiveCfg = Release|Any CPU
		{EA2F9F25-9281-4D5E-8657-E2BD9D9F6D0A}.Release|x64.Build.0 = Release|Any CPU
		{EA2F9F25-9281-4D5E-8657-E2BD9D9F6D0A}.Release|x86.ActiveCfg = Release|Any CPU
		{EA2F9F25-9281-4D5E-8657-E2BD9D9F6D0A}.Release|x86.Build.0 = Release|Any CPU
		{873AB778-04FB-4634-89F5-2BE5E66E9043}.Debug|Any CPU.ActiveCfg = Debug|Any CPU
		{873AB778-04FB-4634-89F5-2BE5E66E9043}.Debug|Any CPU.Build.0 = Debug|Any CPU
		{873AB778-04FB-4634-89F5-2BE5E66E9043}.Debug|x64.ActiveCfg = Debug|Any CPU
		{873AB778-04FB-4634-89F5-2BE5E66E9043}.Debug|x64.Build.0 = Debug|Any CPU
		{873AB778-04FB-4634-89F5-2BE5E66E9043}.Debug|x86.ActiveCfg = Debug|Any CPU
		{873AB778-04FB-4634-89F5-2BE5E66E9043}.Debug|x86.Build.0 = Debug|Any CPU
		{873AB778-04FB-4634-89F5-2BE5E66E9043}.Release|Any CPU.ActiveCfg = Release|Any CPU
		{873AB778-04FB-4634-89F5-2BE5E66E9043}.Release|Any CPU.Build.0 = Release|Any CPU
		{873AB778-04FB-4634-89F5-2BE5E66E9043}.Release|x64.ActiveCfg = Release|Any CPU
		{873AB778-04FB-4634-89F5-2BE5E66E9043}.Release|x64.Build.0 = Release|Any CPU
		{873AB778-04FB-4634-89F5-2BE5E66E9043}.Release|x86.ActiveCfg = Release|Any CPU
		{873AB778-04FB-4634-89F5-2BE5E66E9043}.Release|x86.Build.0 = Release|Any CPU
		{C5D6F159-4CAD-4BFF-9293-2BF958675E65}.Debug|Any CPU.ActiveCfg = Debug|Any CPU
		{C5D6F159-4CAD-4BFF-9293-2BF958675E65}.Debug|Any CPU.Build.0 = Debug|Any CPU
		{C5D6F159-4CAD-4BFF-9293-2BF958675E65}.Debug|x64.ActiveCfg = Debug|Any CPU
		{C5D6F159-4CAD-4BFF-9293-2BF958675E65}.Debug|x64.Build.0 = Debug|Any CPU
		{C5D6F159-4CAD-4BFF-9293-2BF958675E65}.Debug|x86.ActiveCfg = Debug|Any CPU
		{C5D6F159-4CAD-4BFF-9293-2BF958675E65}.Debug|x86.Build.0 = Debug|Any CPU
		{C5D6F159-4CAD-4BFF-9293-2BF958675E65}.Release|Any CPU.ActiveCfg = Release|Any CPU
		{C5D6F159-4CAD-4BFF-9293-2BF958675E65}.Release|Any CPU.Build.0 = Release|Any CPU
		{C5D6F159-4CAD-4BFF-9293-2BF958675E65}.Release|x64.ActiveCfg = Release|Any CPU
		{C5D6F159-4CAD-4BFF-9293-2BF958675E65}.Release|x64.Build.0 = Release|Any CPU
		{C5D6F159-4CAD-4BFF-9293-2BF958675E65}.Release|x86.ActiveCfg = Release|Any CPU
		{C5D6F159-4CAD-4BFF-9293-2BF958675E65}.Release|x86.Build.0 = Release|Any CPU
		{C61A23A9-1846-4785-BE92-8CE9BBE94477}.Debug|Any CPU.ActiveCfg = Debug|Any CPU
		{C61A23A9-1846-4785-BE92-8CE9BBE94477}.Debug|Any CPU.Build.0 = Debug|Any CPU
		{C61A23A9-1846-4785-BE92-8CE9BBE94477}.Debug|x64.ActiveCfg = Debug|Any CPU
		{C61A23A9-1846-4785-BE92-8CE9BBE94477}.Debug|x64.Build.0 = Debug|Any CPU
		{C61A23A9-1846-4785-BE92-8CE9BBE94477}.Debug|x86.ActiveCfg = Debug|Any CPU
		{C61A23A9-1846-4785-BE92-8CE9BBE94477}.Debug|x86.Build.0 = Debug|Any CPU
		{C61A23A9-1846-4785-BE92-8CE9BBE94477}.Release|Any CPU.ActiveCfg = Release|Any CPU
		{C61A23A9-1846-4785-BE92-8CE9BBE94477}.Release|Any CPU.Build.0 = Release|Any CPU
		{C61A23A9-1846-4785-BE92-8CE9BBE94477}.Release|x64.ActiveCfg = Release|Any CPU
		{C61A23A9-1846-4785-BE92-8CE9BBE94477}.Release|x64.Build.0 = Release|Any CPU
		{C61A23A9-1846-4785-BE92-8CE9BBE94477}.Release|x86.ActiveCfg = Release|Any CPU
		{C61A23A9-1846-4785-BE92-8CE9BBE94477}.Release|x86.Build.0 = Release|Any CPU
		{775A88F3-B34E-4E00-BD0F-C7B9A0697B41}.Debug|Any CPU.ActiveCfg = Debug|Any CPU
		{775A88F3-B34E-4E00-BD0F-C7B9A0697B41}.Debug|Any CPU.Build.0 = Debug|Any CPU
		{775A88F3-B34E-4E00-BD0F-C7B9A0697B41}.Debug|x64.ActiveCfg = Debug|Any CPU
		{775A88F3-B34E-4E00-BD0F-C7B9A0697B41}.Debug|x64.Build.0 = Debug|Any CPU
		{775A88F3-B34E-4E00-BD0F-C7B9A0697B41}.Debug|x86.ActiveCfg = Debug|Any CPU
		{775A88F3-B34E-4E00-BD0F-C7B9A0697B41}.Debug|x86.Build.0 = Debug|Any CPU
		{775A88F3-B34E-4E00-BD0F-C7B9A0697B41}.Release|Any CPU.ActiveCfg = Release|Any CPU
		{775A88F3-B34E-4E00-BD0F-C7B9A0697B41}.Release|Any CPU.Build.0 = Release|Any CPU
		{775A88F3-B34E-4E00-BD0F-C7B9A0697B41}.Release|x64.ActiveCfg = Release|Any CPU
		{775A88F3-B34E-4E00-BD0F-C7B9A0697B41}.Release|x64.Build.0 = Release|Any CPU
		{775A88F3-B34E-4E00-BD0F-C7B9A0697B41}.Release|x86.ActiveCfg = Release|Any CPU
		{775A88F3-B34E-4E00-BD0F-C7B9A0697B41}.Release|x86.Build.0 = Release|Any CPU
		{FD15A04D-AD98-427E-BE05-55F1B896F8D0}.Debug|Any CPU.ActiveCfg = Debug|Any CPU
		{FD15A04D-AD98-427E-BE05-55F1B896F8D0}.Debug|Any CPU.Build.0 = Debug|Any CPU
		{FD15A04D-AD98-427E-BE05-55F1B896F8D0}.Debug|x64.ActiveCfg = Debug|Any CPU
		{FD15A04D-AD98-427E-BE05-55F1B896F8D0}.Debug|x64.Build.0 = Debug|Any CPU
		{FD15A04D-AD98-427E-BE05-55F1B896F8D0}.Debug|x86.ActiveCfg = Debug|Any CPU
		{FD15A04D-AD98-427E-BE05-55F1B896F8D0}.Debug|x86.Build.0 = Debug|Any CPU
		{FD15A04D-AD98-427E-BE05-55F1B896F8D0}.Release|Any CPU.ActiveCfg = Release|Any CPU
		{FD15A04D-AD98-427E-BE05-55F1B896F8D0}.Release|Any CPU.Build.0 = Release|Any CPU
		{FD15A04D-AD98-427E-BE05-55F1B896F8D0}.Release|x64.ActiveCfg = Release|Any CPU
		{FD15A04D-AD98-427E-BE05-55F1B896F8D0}.Release|x64.Build.0 = Release|Any CPU
		{FD15A04D-AD98-427E-BE05-55F1B896F8D0}.Release|x86.ActiveCfg = Release|Any CPU
		{FD15A04D-AD98-427E-BE05-55F1B896F8D0}.Release|x86.Build.0 = Release|Any CPU
		{5254386B-B102-43C0-BD33-764497C8E2EB}.Debug|Any CPU.ActiveCfg = Debug|Any CPU
		{5254386B-B102-43C0-BD33-764497C8E2EB}.Debug|Any CPU.Build.0 = Debug|Any CPU
		{5254386B-B102-43C0-BD33-764497C8E2EB}.Debug|x64.ActiveCfg = Debug|Any CPU
		{5254386B-B102-43C0-BD33-764497C8E2EB}.Debug|x64.Build.0 = Debug|Any CPU
		{5254386B-B102-43C0-BD33-764497C8E2EB}.Debug|x86.ActiveCfg = Debug|Any CPU
		{5254386B-B102-43C0-BD33-764497C8E2EB}.Debug|x86.Build.0 = Debug|Any CPU
		{5254386B-B102-43C0-BD33-764497C8E2EB}.Release|Any CPU.ActiveCfg = Release|Any CPU
		{5254386B-B102-43C0-BD33-764497C8E2EB}.Release|Any CPU.Build.0 = Release|Any CPU
		{5254386B-B102-43C0-BD33-764497C8E2EB}.Release|x64.ActiveCfg = Release|Any CPU
		{5254386B-B102-43C0-BD33-764497C8E2EB}.Release|x64.Build.0 = Release|Any CPU
		{5254386B-B102-43C0-BD33-764497C8E2EB}.Release|x86.ActiveCfg = Release|Any CPU
		{5254386B-B102-43C0-BD33-764497C8E2EB}.Release|x86.Build.0 = Release|Any CPU
		{86E5E210-F8E4-4457-9434-380010647D6A}.Debug|Any CPU.ActiveCfg = Debug|Any CPU
		{86E5E210-F8E4-4457-9434-380010647D6A}.Debug|Any CPU.Build.0 = Debug|Any CPU
		{86E5E210-F8E4-4457-9434-380010647D6A}.Debug|x64.ActiveCfg = Debug|Any CPU
		{86E5E210-F8E4-4457-9434-380010647D6A}.Debug|x64.Build.0 = Debug|Any CPU
		{86E5E210-F8E4-4457-9434-380010647D6A}.Debug|x86.ActiveCfg = Debug|Any CPU
		{86E5E210-F8E4-4457-9434-380010647D6A}.Debug|x86.Build.0 = Debug|Any CPU
		{86E5E210-F8E4-4457-9434-380010647D6A}.Release|Any CPU.ActiveCfg = Release|Any CPU
		{86E5E210-F8E4-4457-9434-380010647D6A}.Release|Any CPU.Build.0 = Release|Any CPU
		{86E5E210-F8E4-4457-9434-380010647D6A}.Release|x64.ActiveCfg = Release|Any CPU
		{86E5E210-F8E4-4457-9434-380010647D6A}.Release|x64.Build.0 = Release|Any CPU
		{86E5E210-F8E4-4457-9434-380010647D6A}.Release|x86.ActiveCfg = Release|Any CPU
		{86E5E210-F8E4-4457-9434-380010647D6A}.Release|x86.Build.0 = Release|Any CPU
		{EAD3E6FE-6694-4CF0-AE87-B1D4873E0A87}.Debug|Any CPU.ActiveCfg = Debug|Any CPU
		{EAD3E6FE-6694-4CF0-AE87-B1D4873E0A87}.Debug|Any CPU.Build.0 = Debug|Any CPU
		{EAD3E6FE-6694-4CF0-AE87-B1D4873E0A87}.Debug|x64.ActiveCfg = Debug|Any CPU
		{EAD3E6FE-6694-4CF0-AE87-B1D4873E0A87}.Debug|x64.Build.0 = Debug|Any CPU
		{EAD3E6FE-6694-4CF0-AE87-B1D4873E0A87}.Debug|x86.ActiveCfg = Debug|Any CPU
		{EAD3E6FE-6694-4CF0-AE87-B1D4873E0A87}.Debug|x86.Build.0 = Debug|Any CPU
		{EAD3E6FE-6694-4CF0-AE87-B1D4873E0A87}.Release|Any CPU.ActiveCfg = Release|Any CPU
		{EAD3E6FE-6694-4CF0-AE87-B1D4873E0A87}.Release|Any CPU.Build.0 = Release|Any CPU
		{EAD3E6FE-6694-4CF0-AE87-B1D4873E0A87}.Release|x64.ActiveCfg = Release|Any CPU
		{EAD3E6FE-6694-4CF0-AE87-B1D4873E0A87}.Release|x64.Build.0 = Release|Any CPU
		{EAD3E6FE-6694-4CF0-AE87-B1D4873E0A87}.Release|x86.ActiveCfg = Release|Any CPU
		{EAD3E6FE-6694-4CF0-AE87-B1D4873E0A87}.Release|x86.Build.0 = Release|Any CPU
		{60B1CFAF-CE41-469A-9FCD-7E8D67F32223}.Debug|Any CPU.ActiveCfg = Debug|Any CPU
		{60B1CFAF-CE41-469A-9FCD-7E8D67F32223}.Debug|Any CPU.Build.0 = Debug|Any CPU
		{60B1CFAF-CE41-469A-9FCD-7E8D67F32223}.Debug|x64.ActiveCfg = Debug|Any CPU
		{60B1CFAF-CE41-469A-9FCD-7E8D67F32223}.Debug|x64.Build.0 = Debug|Any CPU
		{60B1CFAF-CE41-469A-9FCD-7E8D67F32223}.Debug|x86.ActiveCfg = Debug|Any CPU
		{60B1CFAF-CE41-469A-9FCD-7E8D67F32223}.Debug|x86.Build.0 = Debug|Any CPU
		{60B1CFAF-CE41-469A-9FCD-7E8D67F32223}.Release|Any CPU.ActiveCfg = Release|Any CPU
		{60B1CFAF-CE41-469A-9FCD-7E8D67F32223}.Release|Any CPU.Build.0 = Release|Any CPU
		{60B1CFAF-CE41-469A-9FCD-7E8D67F32223}.Release|x64.ActiveCfg = Release|Any CPU
		{60B1CFAF-CE41-469A-9FCD-7E8D67F32223}.Release|x64.Build.0 = Release|Any CPU
		{60B1CFAF-CE41-469A-9FCD-7E8D67F32223}.Release|x86.ActiveCfg = Release|Any CPU
		{60B1CFAF-CE41-469A-9FCD-7E8D67F32223}.Release|x86.Build.0 = Release|Any CPU
		{FD7800B9-0FF6-4395-AE53-CBAE05D30844}.Debug|Any CPU.ActiveCfg = Debug|Any CPU
		{FD7800B9-0FF6-4395-AE53-CBAE05D30844}.Debug|Any CPU.Build.0 = Debug|Any CPU
		{FD7800B9-0FF6-4395-AE53-CBAE05D30844}.Debug|x64.ActiveCfg = Debug|Any CPU
		{FD7800B9-0FF6-4395-AE53-CBAE05D30844}.Debug|x64.Build.0 = Debug|Any CPU
		{FD7800B9-0FF6-4395-AE53-CBAE05D30844}.Debug|x86.ActiveCfg = Debug|Any CPU
		{FD7800B9-0FF6-4395-AE53-CBAE05D30844}.Debug|x86.Build.0 = Debug|Any CPU
		{FD7800B9-0FF6-4395-AE53-CBAE05D30844}.Release|Any CPU.ActiveCfg = Release|Any CPU
		{FD7800B9-0FF6-4395-AE53-CBAE05D30844}.Release|Any CPU.Build.0 = Release|Any CPU
		{FD7800B9-0FF6-4395-AE53-CBAE05D30844}.Release|x64.ActiveCfg = Release|Any CPU
		{FD7800B9-0FF6-4395-AE53-CBAE05D30844}.Release|x64.Build.0 = Release|Any CPU
		{FD7800B9-0FF6-4395-AE53-CBAE05D30844}.Release|x86.ActiveCfg = Release|Any CPU
		{FD7800B9-0FF6-4395-AE53-CBAE05D30844}.Release|x86.Build.0 = Release|Any CPU
		{BD0AA3D5-F168-4BB9-A32A-493AE3878F79}.Debug|Any CPU.ActiveCfg = Debug|Any CPU
		{BD0AA3D5-F168-4BB9-A32A-493AE3878F79}.Debug|Any CPU.Build.0 = Debug|Any CPU
		{BD0AA3D5-F168-4BB9-A32A-493AE3878F79}.Debug|x64.ActiveCfg = Debug|Any CPU
		{BD0AA3D5-F168-4BB9-A32A-493AE3878F79}.Debug|x64.Build.0 = Debug|Any CPU
		{BD0AA3D5-F168-4BB9-A32A-493AE3878F79}.Debug|x86.ActiveCfg = Debug|Any CPU
		{BD0AA3D5-F168-4BB9-A32A-493AE3878F79}.Debug|x86.Build.0 = Debug|Any CPU
		{BD0AA3D5-F168-4BB9-A32A-493AE3878F79}.Release|Any CPU.ActiveCfg = Release|Any CPU
		{BD0AA3D5-F168-4BB9-A32A-493AE3878F79}.Release|Any CPU.Build.0 = Release|Any CPU
		{BD0AA3D5-F168-4BB9-A32A-493AE3878F79}.Release|x64.ActiveCfg = Release|Any CPU
		{BD0AA3D5-F168-4BB9-A32A-493AE3878F79}.Release|x64.Build.0 = Release|Any CPU
		{BD0AA3D5-F168-4BB9-A32A-493AE3878F79}.Release|x86.ActiveCfg = Release|Any CPU
		{BD0AA3D5-F168-4BB9-A32A-493AE3878F79}.Release|x86.Build.0 = Release|Any CPU
		{91D6B362-EDAB-4D79-9010-A4706BF3CC0A}.Debug|Any CPU.ActiveCfg = Debug|Any CPU
		{91D6B362-EDAB-4D79-9010-A4706BF3CC0A}.Debug|Any CPU.Build.0 = Debug|Any CPU
		{91D6B362-EDAB-4D79-9010-A4706BF3CC0A}.Debug|x64.ActiveCfg = Debug|Any CPU
		{91D6B362-EDAB-4D79-9010-A4706BF3CC0A}.Debug|x64.Build.0 = Debug|Any CPU
		{91D6B362-EDAB-4D79-9010-A4706BF3CC0A}.Debug|x86.ActiveCfg = Debug|Any CPU
		{91D6B362-EDAB-4D79-9010-A4706BF3CC0A}.Debug|x86.Build.0 = Debug|Any CPU
		{91D6B362-EDAB-4D79-9010-A4706BF3CC0A}.Release|Any CPU.ActiveCfg = Release|Any CPU
		{91D6B362-EDAB-4D79-9010-A4706BF3CC0A}.Release|Any CPU.Build.0 = Release|Any CPU
		{91D6B362-EDAB-4D79-9010-A4706BF3CC0A}.Release|x64.ActiveCfg = Release|Any CPU
		{91D6B362-EDAB-4D79-9010-A4706BF3CC0A}.Release|x64.Build.0 = Release|Any CPU
		{91D6B362-EDAB-4D79-9010-A4706BF3CC0A}.Release|x86.ActiveCfg = Release|Any CPU
		{91D6B362-EDAB-4D79-9010-A4706BF3CC0A}.Release|x86.Build.0 = Release|Any CPU
		{FC3493A9-6019-4CCD-A7CE-6007A0968ABD}.Debug|Any CPU.ActiveCfg = Debug|Any CPU
		{FC3493A9-6019-4CCD-A7CE-6007A0968ABD}.Debug|Any CPU.Build.0 = Debug|Any CPU
		{FC3493A9-6019-4CCD-A7CE-6007A0968ABD}.Debug|x64.ActiveCfg = Debug|Any CPU
		{FC3493A9-6019-4CCD-A7CE-6007A0968ABD}.Debug|x64.Build.0 = Debug|Any CPU
		{FC3493A9-6019-4CCD-A7CE-6007A0968ABD}.Debug|x86.ActiveCfg = Debug|Any CPU
		{FC3493A9-6019-4CCD-A7CE-6007A0968ABD}.Debug|x86.Build.0 = Debug|Any CPU
		{FC3493A9-6019-4CCD-A7CE-6007A0968ABD}.Release|Any CPU.ActiveCfg = Release|Any CPU
		{FC3493A9-6019-4CCD-A7CE-6007A0968ABD}.Release|Any CPU.Build.0 = Release|Any CPU
		{FC3493A9-6019-4CCD-A7CE-6007A0968ABD}.Release|x64.ActiveCfg = Release|Any CPU
		{FC3493A9-6019-4CCD-A7CE-6007A0968ABD}.Release|x64.Build.0 = Release|Any CPU
		{FC3493A9-6019-4CCD-A7CE-6007A0968ABD}.Release|x86.ActiveCfg = Release|Any CPU
		{FC3493A9-6019-4CCD-A7CE-6007A0968ABD}.Release|x86.Build.0 = Release|Any CPU
		{4EB65428-9C99-464B-8447-4D99979C6467}.Debug|Any CPU.ActiveCfg = Debug|Any CPU
		{4EB65428-9C99-464B-8447-4D99979C6467}.Debug|Any CPU.Build.0 = Debug|Any CPU
		{4EB65428-9C99-464B-8447-4D99979C6467}.Debug|x64.ActiveCfg = Debug|Any CPU
		{4EB65428-9C99-464B-8447-4D99979C6467}.Debug|x64.Build.0 = Debug|Any CPU
		{4EB65428-9C99-464B-8447-4D99979C6467}.Debug|x86.ActiveCfg = Debug|Any CPU
		{4EB65428-9C99-464B-8447-4D99979C6467}.Debug|x86.Build.0 = Debug|Any CPU
		{4EB65428-9C99-464B-8447-4D99979C6467}.Release|Any CPU.ActiveCfg = Release|Any CPU
		{4EB65428-9C99-464B-8447-4D99979C6467}.Release|Any CPU.Build.0 = Release|Any CPU
		{4EB65428-9C99-464B-8447-4D99979C6467}.Release|x64.ActiveCfg = Release|Any CPU
		{4EB65428-9C99-464B-8447-4D99979C6467}.Release|x64.Build.0 = Release|Any CPU
		{4EB65428-9C99-464B-8447-4D99979C6467}.Release|x86.ActiveCfg = Release|Any CPU
		{4EB65428-9C99-464B-8447-4D99979C6467}.Release|x86.Build.0 = Release|Any CPU
		{104FF79F-40CE-4529-B0E6-AA5048E31211}.Debug|Any CPU.ActiveCfg = Debug|Any CPU
		{104FF79F-40CE-4529-B0E6-AA5048E31211}.Debug|Any CPU.Build.0 = Debug|Any CPU
		{104FF79F-40CE-4529-B0E6-AA5048E31211}.Debug|x64.ActiveCfg = Debug|Any CPU
		{104FF79F-40CE-4529-B0E6-AA5048E31211}.Debug|x64.Build.0 = Debug|Any CPU
		{104FF79F-40CE-4529-B0E6-AA5048E31211}.Debug|x86.ActiveCfg = Debug|Any CPU
		{104FF79F-40CE-4529-B0E6-AA5048E31211}.Debug|x86.Build.0 = Debug|Any CPU
		{104FF79F-40CE-4529-B0E6-AA5048E31211}.Release|Any CPU.ActiveCfg = Release|Any CPU
		{104FF79F-40CE-4529-B0E6-AA5048E31211}.Release|Any CPU.Build.0 = Release|Any CPU
		{104FF79F-40CE-4529-B0E6-AA5048E31211}.Release|x64.ActiveCfg = Release|Any CPU
		{104FF79F-40CE-4529-B0E6-AA5048E31211}.Release|x64.Build.0 = Release|Any CPU
		{104FF79F-40CE-4529-B0E6-AA5048E31211}.Release|x86.ActiveCfg = Release|Any CPU
		{104FF79F-40CE-4529-B0E6-AA5048E31211}.Release|x86.Build.0 = Release|Any CPU
		{ECC4F9B3-0CB5-4790-9D74-C9565CB65148}.Debug|Any CPU.ActiveCfg = Debug|Any CPU
		{ECC4F9B3-0CB5-4790-9D74-C9565CB65148}.Debug|Any CPU.Build.0 = Debug|Any CPU
		{ECC4F9B3-0CB5-4790-9D74-C9565CB65148}.Debug|x64.ActiveCfg = Debug|Any CPU
		{ECC4F9B3-0CB5-4790-9D74-C9565CB65148}.Debug|x64.Build.0 = Debug|Any CPU
		{ECC4F9B3-0CB5-4790-9D74-C9565CB65148}.Debug|x86.ActiveCfg = Debug|Any CPU
		{ECC4F9B3-0CB5-4790-9D74-C9565CB65148}.Debug|x86.Build.0 = Debug|Any CPU
		{ECC4F9B3-0CB5-4790-9D74-C9565CB65148}.Release|Any CPU.ActiveCfg = Release|Any CPU
		{ECC4F9B3-0CB5-4790-9D74-C9565CB65148}.Release|Any CPU.Build.0 = Release|Any CPU
		{ECC4F9B3-0CB5-4790-9D74-C9565CB65148}.Release|x64.ActiveCfg = Release|Any CPU
		{ECC4F9B3-0CB5-4790-9D74-C9565CB65148}.Release|x64.Build.0 = Release|Any CPU
		{ECC4F9B3-0CB5-4790-9D74-C9565CB65148}.Release|x86.ActiveCfg = Release|Any CPU
		{ECC4F9B3-0CB5-4790-9D74-C9565CB65148}.Release|x86.Build.0 = Release|Any CPU
	EndGlobalSection
	GlobalSection(SolutionProperties) = preSolution
		HideSolutionNode = FALSE
	EndGlobalSection
	GlobalSection(NestedProjects) = preSolution
		{65ABFB5D-2B10-DF64-BF12-C17976F8E5D9} = {827E0CD3-B72D-47B6-A68D-7590B98EB39B}
		{6DA5F982-65B0-4750-B5F6-5C7845111F47} = {65ABFB5D-2B10-DF64-BF12-C17976F8E5D9}
		{AF5E7441-D0C7-4190-B8D9-F0D8A2FD0F42} = {65ABFB5D-2B10-DF64-BF12-C17976F8E5D9}
		{5FA7F83E-E322-4DD5-9630-88D81D04B9DB} = {65ABFB5D-2B10-DF64-BF12-C17976F8E5D9}
		{C80FF5ED-F69F-3D87-94B5-A517783FA875} = {827E0CD3-B72D-47B6-A68D-7590B98EB39B}
		{388E6413-A4D1-41F9-8265-0D17D3EE20B6} = {C80FF5ED-F69F-3D87-94B5-A517783FA875}
		{FBD39D18-CF6A-43AD-A360-F20A76262810} = {C80FF5ED-F69F-3D87-94B5-A517783FA875}
		{52D7997C-7445-4742-8C46-A5A1069D231C} = {C80FF5ED-F69F-3D87-94B5-A517783FA875}
		{4BE7295F-0404-DFF4-C425-E81EB86DB3AD} = {827E0CD3-B72D-47B6-A68D-7590B98EB39B}
		{8322911A-CCB7-4F6E-A185-BA5AB120FC8D} = {4BE7295F-0404-DFF4-C425-E81EB86DB3AD}
		{2DE6D183-4D4A-44DA-A1B6-719D37F06557} = {4BE7295F-0404-DFF4-C425-E81EB86DB3AD}
		{447596B0-8577-4B29-BD3B-1E7C0CB5624E} = {4BE7295F-0404-DFF4-C425-E81EB86DB3AD}
		{051C96C7-F962-828B-3DC0-FC0EB266C3F5} = {827E0CD3-B72D-47B6-A68D-7590B98EB39B}
		{6C9F39A6-6661-44DE-9330-AB37E670D198} = {051C96C7-F962-828B-3DC0-FC0EB266C3F5}
		{73A4ECD7-327E-4AB8-94AD-EC4E63216047} = {051C96C7-F962-828B-3DC0-FC0EB266C3F5}
		{C5BD7CDB-056A-4CB7-85AB-05936C98D691} = {051C96C7-F962-828B-3DC0-FC0EB266C3F5}
		{A28608FB-FF35-31DA-3581-4EFFB7C58565} = {827E0CD3-B72D-47B6-A68D-7590B98EB39B}
		{854EB77B-51F8-4014-938F-3C21AAB191C8} = {A28608FB-FF35-31DA-3581-4EFFB7C58565}
		{0D3A10F6-D769-4C07-B3B7-D35B915CA1B9} = {A28608FB-FF35-31DA-3581-4EFFB7C58565}
		{77DDB25F-B299-4D8C-915E-4325C342BF69} = {A28608FB-FF35-31DA-3581-4EFFB7C58565}
		{73DCC031-7232-0CAD-48D9-F0796708D99A} = {827E0CD3-B72D-47B6-A68D-7590B98EB39B}
		{9A419596-A563-44BF-9468-3D9AFD928851} = {73DCC031-7232-0CAD-48D9-F0796708D99A}
		{D9F29E66-BE0C-42FE-95E7-80B3A65ADEDC} = {73DCC031-7232-0CAD-48D9-F0796708D99A}
		{809BBCFF-2B17-474C-B9C7-5D949D3BC017} = {73DCC031-7232-0CAD-48D9-F0796708D99A}
		{9454F493-66A8-1CF4-1F98-102F3A6467E8} = {827E0CD3-B72D-47B6-A68D-7590B98EB39B}
		{EAB0A3D0-E5E0-44C6-A99F-48923BB7E2E7} = {9454F493-66A8-1CF4-1F98-102F3A6467E8}
		{9B7B890A-C2A6-44B8-B0C7-33BCE1751A01} = {9454F493-66A8-1CF4-1F98-102F3A6467E8}
		{C00D5341-52F9-4FC9-8FE4-38255ABA5EBA} = {9454F493-66A8-1CF4-1F98-102F3A6467E8}
		{8F5194C6-987F-2CD7-D019-CDC922FA9C9A} = {827E0CD3-B72D-47B6-A68D-7590B98EB39B}
		{F6C9683A-80BA-40C5-A7FB-58DEF20B9EB0} = {8F5194C6-987F-2CD7-D019-CDC922FA9C9A}
		{5DBB2740-D2E8-4E85-B853-4D533DECC516} = {8F5194C6-987F-2CD7-D019-CDC922FA9C9A}
		{F1F28466-02EB-41B4-A78C-D497CCE45A7E} = {8F5194C6-987F-2CD7-D019-CDC922FA9C9A}
		{5D967E3A-C394-A676-518B-4960EDC20580} = {827E0CD3-B72D-47B6-A68D-7590B98EB39B}
		{33DBE47F-B37E-4E50-9932-081F6C1D4218} = {5D967E3A-C394-A676-518B-4960EDC20580}
		{40077F6F-89BD-4ECD-97EF-3ABE5BA6B16E} = {5D967E3A-C394-A676-518B-4960EDC20580}
		{12D68985-74CA-4DD3-9F1D-04F0C5004037} = {5D967E3A-C394-A676-518B-4960EDC20580}
		{09104428-EB3A-43CC-A562-8D767015A2C0} = {827E0CD3-B72D-47B6-A68D-7590B98EB39B}
		{BF75F66E-59BC-427C-850E-6700CDDEC197} = {09104428-EB3A-43CC-A562-8D767015A2C0}
		{AD1ABD93-2586-4715-A94C-0A7D4595AED2} = {09104428-EB3A-43CC-A562-8D767015A2C0}
		{ACB52354-A9A4-41B9-82A1-3694B75C2EAE} = {09104428-EB3A-43CC-A562-8D767015A2C0}
		{595BA458-5F2B-4607-354B-9F5FD45D6BBB} = {827E0CD3-B72D-47B6-A68D-7590B98EB39B}
		{01DF6640-618C-4C11-B8DC-B7500C62F28D} = {595BA458-5F2B-4607-354B-9F5FD45D6BBB}
		{18976B69-708A-497C-951E-16247A94AF74} = {595BA458-5F2B-4607-354B-9F5FD45D6BBB}
		{4531317A-915C-4992-9F6B-271333BC4410} = {595BA458-5F2B-4607-354B-9F5FD45D6BBB}
		{3037F193-54F4-B0ED-E91A-C2AAFAAF2C57} = {827E0CD3-B72D-47B6-A68D-7590B98EB39B}
		{E44712B9-3368-416C-A46E-2296DC6897C0} = {3037F193-54F4-B0ED-E91A-C2AAFAAF2C57}
		{C95E47AA-77E6-42F2-9526-920358033D3A} = {3037F193-54F4-B0ED-E91A-C2AAFAAF2C57}
		{68575CF4-B362-4E88-8304-64D60D6E3734} = {3037F193-54F4-B0ED-E91A-C2AAFAAF2C57}
		{BDB3C49B-C3C4-2D01-5C80-5982E11ACF2B} = {827E0CD3-B72D-47B6-A68D-7590B98EB39B}
		{32A7997B-BA27-4A66-993D-E0AA95C0A973} = {BDB3C49B-C3C4-2D01-5C80-5982E11ACF2B}
		{EB27A220-A9B2-4A76-843A-A3B4BF9AABFF} = {BDB3C49B-C3C4-2D01-5C80-5982E11ACF2B}
		{0F725DB1-9B78-46CF-87AB-97B25AE1757F} = {BDB3C49B-C3C4-2D01-5C80-5982E11ACF2B}
		{51CE919F-AEC1-0C71-E195-E00B976A6481} = {827E0CD3-B72D-47B6-A68D-7590B98EB39B}
		{3E7BA362-6B20-488D-866E-1AC12CA072E3} = {51CE919F-AEC1-0C71-E195-E00B976A6481}
		{28EC43BE-C986-47D0-8E0D-495753E80002} = {51CE919F-AEC1-0C71-E195-E00B976A6481}
		{B1E9C63E-5098-4262-894A-B43633039338} = {51CE919F-AEC1-0C71-E195-E00B976A6481}
		{70BAA7F9-7914-E584-5739-8B02C132DCC7} = {827E0CD3-B72D-47B6-A68D-7590B98EB39B}
		{1FAC123F-D914-4E54-8BAE-CE76F1AB1A6D} = {70BAA7F9-7914-E584-5739-8B02C132DCC7}
		{660EAC40-25EC-4EEC-A341-DDAE10634145} = {70BAA7F9-7914-E584-5739-8B02C132DCC7}
		{86162742-59B1-48C1-BC57-EFCB2977EAD9} = {70BAA7F9-7914-E584-5739-8B02C132DCC7}
		{FCA01246-F2C6-0AA7-D43F-FD13BE0B9D88} = {827E0CD3-B72D-47B6-A68D-7590B98EB39B}
		{A3050DB4-3B18-41B0-B8B7-5388912BA4FC} = {FCA01246-F2C6-0AA7-D43F-FD13BE0B9D88}
		{2951E765-5F77-95BA-3D85-F41283DA5914} = {827E0CD3-B72D-47B6-A68D-7590B98EB39B}
		{FE5DCCF8-1181-4E10-84AD-2FA9B219E90D} = {2951E765-5F77-95BA-3D85-F41283DA5914}
		{D68A2769-8259-4388-BF62-EA8F1B873C64} = {2951E765-5F77-95BA-3D85-F41283DA5914}
		{5CA54826-620B-4F04-89ED-639D235F3B06} = {2951E765-5F77-95BA-3D85-F41283DA5914}
		{EE3D0CA7-DE7B-419F-99B4-9B34CB2AC991} = {0AB3BF05-4346-4AA6-1389-037BE0695223}
		{671A9C3F-3696-4494-9813-E3454EAFDDC4} = {0AB3BF05-4346-4AA6-1389-037BE0695223}
		{BA7190E1-DAA0-42E3-A654-4A619F1D5B3B} = {0AB3BF05-4346-4AA6-1389-037BE0695223}
		{D2173371-05C8-431B-AD2E-FD017196625A} = {0AB3BF05-4346-4AA6-1389-037BE0695223}
		{B6D81ED6-B434-4D4B-A134-CABB2E98F0D5} = {0AB3BF05-4346-4AA6-1389-037BE0695223}
		{F06B5269-EA10-45D4-9CE1-6F34AAEF1D32} = {0AB3BF05-4346-4AA6-1389-037BE0695223}
		{DBC77F1A-2A0A-4D9C-BD44-8CEAD2E341AB} = {0AB3BF05-4346-4AA6-1389-037BE0695223}
		{D41A1F04-7C7F-4558-9CC6-4CE1BAC28F29} = {0AB3BF05-4346-4AA6-1389-037BE0695223}
		{0083CA66-F980-47D4-BFB8-17434792474E} = {0AB3BF05-4346-4AA6-1389-037BE0695223}
		{C3F785C9-3117-46D8-A964-84B719A69D00} = {0AB3BF05-4346-4AA6-1389-037BE0695223}
		{469D3573-8AB7-42A1-B09B-10A396F81D7C} = {0AB3BF05-4346-4AA6-1389-037BE0695223}
		{EA2F9F25-9281-4D5E-8657-E2BD9D9F6D0A} = {0AB3BF05-4346-4AA6-1389-037BE0695223}
		{873AB778-04FB-4634-89F5-2BE5E66E9043} = {0AB3BF05-4346-4AA6-1389-037BE0695223}
		{C5D6F159-4CAD-4BFF-9293-2BF958675E65} = {0AB3BF05-4346-4AA6-1389-037BE0695223}
		{C61A23A9-1846-4785-BE92-8CE9BBE94477} = {0AB3BF05-4346-4AA6-1389-037BE0695223}
		{775A88F3-B34E-4E00-BD0F-C7B9A0697B41} = {0AB3BF05-4346-4AA6-1389-037BE0695223}
		{FD15A04D-AD98-427E-BE05-55F1B896F8D0} = {0AB3BF05-4346-4AA6-1389-037BE0695223}
		{5254386B-B102-43C0-BD33-764497C8E2EB} = {827E0CD3-B72D-47B6-A68D-7590B98EB39B}
		{C8E42992-5E42-0C2B-DBFE-AA848D06431C} = {827E0CD3-B72D-47B6-A68D-7590B98EB39B}
		{86E5E210-F8E4-4457-9434-380010647D6A} = {C8E42992-5E42-0C2B-DBFE-AA848D06431C}
		{EAD3E6FE-6694-4CF0-AE87-B1D4873E0A87} = {C8E42992-5E42-0C2B-DBFE-AA848D06431C}
		{60B1CFAF-CE41-469A-9FCD-7E8D67F32223} = {C8E42992-5E42-0C2B-DBFE-AA848D06431C}
		{FD7800B9-0FF6-4395-AE53-CBAE05D30844} = {C8E42992-5E42-0C2B-DBFE-AA848D06431C}
		{BD0AA3D5-F168-4BB9-A32A-493AE3878F79} = {C8E42992-5E42-0C2B-DBFE-AA848D06431C}
		{91D6B362-EDAB-4D79-9010-A4706BF3CC0A} = {0AB3BF05-4346-4AA6-1389-037BE0695223}
		{FC3493A9-6019-4CCD-A7CE-6007A0968ABD} = {0AB3BF05-4346-4AA6-1389-037BE0695223}
		{4EB65428-9C99-464B-8447-4D99979C6467} = {0AB3BF05-4346-4AA6-1389-037BE0695223}
		{104FF79F-40CE-4529-B0E6-AA5048E31211} = {0AB3BF05-4346-4AA6-1389-037BE0695223}
		{ECC4F9B3-0CB5-4790-9D74-C9565CB65148} = {0AB3BF05-4346-4AA6-1389-037BE0695223}
	EndGlobalSection
EndGlobal
